// !$*UTF8*$!
{
	archiveVersion = 1;
	classes = {
	};
	objectVersion = 77;
	objects = {

/* Begin PBXBuildFile section */
		003386E8A06F65C9F120D9E9 /* JSONProjectRepositoryTests.swift in Sources */ = {isa = PBXBuildFile; fileRef = E76EE72A111839BB98DB4E8C /* JSONProjectRepositoryTests.swift */; };
		0361949D906479C10CAD96D3 /* SpeakerConfirmationService.swift in Sources */ = {isa = PBXBuildFile; fileRef = 965FC05F00CEABB2F26A9F2F /* SpeakerConfirmationService.swift */; };
		07FD7786FFA580F2C610CD88 /* PendingAIProposalPolicyTests.swift in Sources */ = {isa = PBXBuildFile; fileRef = C8DC805BD3C19ACF07242CA0 /* PendingAIProposalPolicyTests.swift */; };
		0803153F5EE3CDC981DDE8EB /* SpeakerResolution.swift in Sources */ = {isa = PBXBuildFile; fileRef = 6604623FF79560E50BB0D5F3 /* SpeakerResolution.swift */; };
		0990F80DCC696D33D98C96F7 /* WorkStateExtraction.swift in Sources */ = {isa = PBXBuildFile; fileRef = 9697FF19A061081BD838EB3B /* WorkStateExtraction.swift */; };
		0B410ACE996570B683C215E0 /* HomeSummary.swift in Sources */ = {isa = PBXBuildFile; fileRef = 386459D8A9ACB48FFB7E9351 /* HomeSummary.swift */; };
		0B44FC3AE440B3F72EDD3321 /* InMemoryProjectRepositoryTests.swift in Sources */ = {isa = PBXBuildFile; fileRef = E87D0A086FEC403D92311F43 /* InMemoryProjectRepositoryTests.swift */; };
		0EB04D01DEA59EB6BEFF6847 /* SpeakerConfirmationServiceTests.swift in Sources */ = {isa = PBXBuildFile; fileRef = 48D552D079796527B2EF590E /* SpeakerConfirmationServiceTests.swift */; };
		0F3B939737479622E4D565FE /* RecordAudioView.swift in Sources */ = {isa = PBXBuildFile; fileRef = 058F1A8F18EA79A4C0A95917 /* RecordAudioView.swift */; };
		0FC1BF17338615D44869193B /* WorkStateInbox.swift in Sources */ = {isa = PBXBuildFile; fileRef = 140065D09E7BFEC5C3A7D2EC /* WorkStateInbox.swift */; };
		11AE9D27F658F74D7AE5B153 /* MarkdownFileExporter.swift in Sources */ = {isa = PBXBuildFile; fileRef = 77B7C33FAB52DF62460E1F6E /* MarkdownFileExporter.swift */; };
		144383B6323940284FE0AD20 /* WorkStateExtractionServiceTests.swift in Sources */ = {isa = PBXBuildFile; fileRef = 833110D4A29E8D1F6346DB90 /* WorkStateExtractionServiceTests.swift */; };
		145C1A39B9462478E09317A7 /* LocalUserProfileService.swift in Sources */ = {isa = PBXBuildFile; fileRef = DA73B2A756E714525EA53907 /* LocalUserProfileService.swift */; };
		19637876BE997E39AA4F9AFF /* DeterministicMeetingAudioRecorder.swift in Sources */ = {isa = PBXBuildFile; fileRef = AE799FC0529C4C8B0842BF53 /* DeterministicMeetingAudioRecorder.swift */; };
		20CC3C0FAFAD3DEB09F9DEAD /* TextMeetingCaptureService.swift in Sources */ = {isa = PBXBuildFile; fileRef = CA6FC4E6C0E15AF4CD14DD51 /* TextMeetingCaptureService.swift */; };
		2128F42E60BDBD7E28B47D5F /* TranscriptSegment.swift in Sources */ = {isa = PBXBuildFile; fileRef = 92971D2FD866A033476B8A39 /* TranscriptSegment.swift */; };
		215919165E730A9714D47CBB /* ProjectDeletionUITests.swift in Sources */ = {isa = PBXBuildFile; fileRef = 2FE0B1E91DA382EBBBA126F5 /* ProjectDeletionUITests.swift */; };
		242F445AAAFF09B7C5E0038D /* ActionItemEditView.swift in Sources */ = {isa = PBXBuildFile; fileRef = 567385CA128CFC7EC315D269 /* ActionItemEditView.swift */; };
		27700C96D1F1CBDC1648C70A /* Participant.swift in Sources */ = {isa = PBXBuildFile; fileRef = 094803E680DAF312ED016D13 /* Participant.swift */; };
		28BF811780E43CD29EB9CD6E /* MeetingAudioPlaybackModel.swift in Sources */ = {isa = PBXBuildFile; fileRef = 99F71D1F4B0D759068EE4C70 /* MeetingAudioPlaybackModel.swift */; };
		2AF84413F61D602A9079091F /* MeetingResultsView.swift in Sources */ = {isa = PBXBuildFile; fileRef = 81922DA880EB441A6CEAA4AA /* MeetingResultsView.swift */; };
		2BDACCE9234C0A432DD7C8E3 /* ProjectBrowserUITests.swift in Sources */ = {isa = PBXBuildFile; fileRef = 6C608D2AFCF2375D520754B2 /* ProjectBrowserUITests.swift */; };
		2D2DFDFD27923AA07E8FD545 /* AgendaItem.swift in Sources */ = {isa = PBXBuildFile; fileRef = 524A8C52737AFBD63CB02D3B /* AgendaItem.swift */; };
		2DC097C01DA52F61DCFCBCCD /* WorkStateDisplayTests.swift in Sources */ = {isa = PBXBuildFile; fileRef = F663928FB630BC9FC15309B8 /* WorkStateDisplayTests.swift */; };
		30628CC750F846105F8EED03 /* OpenAICredentialResolver.swift in Sources */ = {isa = PBXBuildFile; fileRef = 5F3A46CB0FF6019A49752EDF /* OpenAICredentialResolver.swift */; };
		367C2D508135610F1FFA28EF /* Project.swift in Sources */ = {isa = PBXBuildFile; fileRef = 56952421557CED7EF65F86BC /* Project.swift */; };
		36D512DE82EA45C4D9311F75 /* PresentationFormattingTests.swift in Sources */ = {isa = PBXBuildFile; fileRef = 0BF0EB15856555142F021913 /* PresentationFormattingTests.swift */; };
		373401D6DC2A1B7F15BEA633 /* ModelProvider.swift in Sources */ = {isa = PBXBuildFile; fileRef = 38C719BF60E178CFE55EE0B3 /* ModelProvider.swift */; };
		38EC1D1988FEC6E3E234957F /* ProjectExportFilename.swift in Sources */ = {isa = PBXBuildFile; fileRef = C733D895F1DEBF6ABB24848F /* ProjectExportFilename.swift */; };
		3A384C3266FEEA2153B439D1 /* OpenAIResponsesDTO.swift in Sources */ = {isa = PBXBuildFile; fileRef = C4438BA40DDE8667432DFE21 /* OpenAIResponsesDTO.swift */; };
		3BC74E5C6371A16B1BE2F216 /* HAENAApp.swift in Sources */ = {isa = PBXBuildFile; fileRef = 4E3BF7D044C442EC779EC8CE /* HAENAApp.swift */; };
		3BF85FA1E9AAF97CB5C51E0F /* MeetingDateFormatter.swift in Sources */ = {isa = PBXBuildFile; fileRef = 05B35283C3C236D21899AAFE /* MeetingDateFormatter.swift */; };
		402B7F8ABFEE20890A619877 /* MeetingResultFixtures.swift in Sources */ = {isa = PBXBuildFile; fileRef = 263AC5D8CCE49C1914B46EC2 /* MeetingResultFixtures.swift */; };
		40FC73E24538C098BF2BD7C5 /* ProjectMarkdownRendererTests.swift in Sources */ = {isa = PBXBuildFile; fileRef = 1B0A15DBDE0BF72D084A105A /* ProjectMarkdownRendererTests.swift */; };
		44EDB731988270B19D6C2BE0 /* AudioFileValidator.swift in Sources */ = {isa = PBXBuildFile; fileRef = 4E3BB045C21FAC44C75807B6 /* AudioFileValidator.swift */; };
		464A006474FFA302F5855C96 /* OpenQuestionAgendaTests.swift in Sources */ = {isa = PBXBuildFile; fileRef = E056A9053BE18F89DBC35864 /* OpenQuestionAgendaTests.swift */; };
		48595C4775D2703F7B43735E /* AudioMeetingCaptureServiceTests.swift in Sources */ = {isa = PBXBuildFile; fileRef = 90692F1E1BE409173A8BDEF4 /* AudioMeetingCaptureServiceTests.swift */; };
		49CDB731811895B1842BDF39 /* Transcription.swift in Sources */ = {isa = PBXBuildFile; fileRef = 425F6F0A2791D7F754764AF3 /* Transcription.swift */; };
		4C12F1F05F55A1469F9B9D41 /* RecordingScratchStore.swift in Sources */ = {isa = PBXBuildFile; fileRef = ACEE53E0CAE39A2200544C21 /* RecordingScratchStore.swift */; };
		4F1412958629DBD629FE168F /* WorkStateReviewView.swift in Sources */ = {isa = PBXBuildFile; fileRef = D4A086222030CFF5C4DC2383 /* WorkStateReviewView.swift */; };
		4F1C4EEC419196B643A22EDA /* AudioAssetStore.swift in Sources */ = {isa = PBXBuildFile; fileRef = 23BD6FD0E67EF37CA92BE4BB /* AudioAssetStore.swift */; };
		4F2AABD03386F4B97BFE216B /* TranscriptTimestampFormatter.swift in Sources */ = {isa = PBXBuildFile; fileRef = 50F1578475F964354E38636B /* TranscriptTimestampFormatter.swift */; };
		4F34E1483A7ED1CC786CBFE2 /* HTTPTransport.swift in Sources */ = {isa = PBXBuildFile; fileRef = 16129C12D2A92EBE3B37BC89 /* HTTPTransport.swift */; };
		50990DDADA35D9D55E48679A /* ImportAudioView.swift in Sources */ = {isa = PBXBuildFile; fileRef = FF6511B46C1F1FA7087C14DC /* ImportAudioView.swift */; };
		52270342C2233739ECD169EC /* ProjectDeletionServiceTests.swift in Sources */ = {isa = PBXBuildFile; fileRef = D3A482648CEE8475A8061C99 /* ProjectDeletionServiceTests.swift */; };
		528460D9D374E85118706BA3 /* ActionItem.swift in Sources */ = {isa = PBXBuildFile; fileRef = F9E74850DE2CD61F90B5A4F2 /* ActionItem.swift */; };
		52EA8BD5BD55B1DE341AD7AC /* OpenAIWorkStateExtractor.swift in Sources */ = {isa = PBXBuildFile; fileRef = A1525F7C0438C21EBBC1D8F7 /* OpenAIWorkStateExtractor.swift */; };
		54AB9BD4592C425B9447B0D8 /* SpeakerConfirmationDisplayTests.swift in Sources */ = {isa = PBXBuildFile; fileRef = C15E9739F09845C354FF3E20 /* SpeakerConfirmationDisplayTests.swift */; };
		54B01D2FCF5DB58F0778242F /* DecisionActionItemTests.swift in Sources */ = {isa = PBXBuildFile; fileRef = EE061DCF66457F5AFBB4F4E7 /* DecisionActionItemTests.swift */; };
		56B6B71C8385A69C17ABCA2B /* MeetingModelTests.swift in Sources */ = {isa = PBXBuildFile; fileRef = 34ACF1C978BEDBEDCBFAC7AA /* MeetingModelTests.swift */; };
		5719A619D6C4D0308BD61217 /* AudioImportIntegrationTests.swift in Sources */ = {isa = PBXBuildFile; fileRef = 3A0299F05C03D622C53F0E3E /* AudioImportIntegrationTests.swift */; };
		5843604934AB7ADF62B02C46 /* JSONValue.swift in Sources */ = {isa = PBXBuildFile; fileRef = 3B1FC2B0C8387160678C5E7A /* JSONValue.swift */; };
		58EC56EB4F8A6C23C8BFF2C1 /* ProjectStoreFile.swift in Sources */ = {isa = PBXBuildFile; fileRef = 6BA19CD9B38591AD7C56D936 /* ProjectStoreFile.swift */; };
		5EAD8AC89A2D62E3FDD3704A /* OpenAITranscriptionLiveTests.swift in Sources */ = {isa = PBXBuildFile; fileRef = A7F1B19B7FC70222D55D617A /* OpenAITranscriptionLiveTests.swift */; };
		644FF54D1B8E2AD278FB7908 /* APICredentialStore.swift in Sources */ = {isa = PBXBuildFile; fileRef = A450E6EC66DF4AE85532FD09 /* APICredentialStore.swift */; };
		64C82C64E23B370FBF13B138 /* ProjectDeletionIntegrationTests.swift in Sources */ = {isa = PBXBuildFile; fileRef = 88553966A026A10267C09C62 /* ProjectDeletionIntegrationTests.swift */; };
		654E11F14B17A6E90E0A9A05 /* LocalUserProfile.swift in Sources */ = {isa = PBXBuildFile; fileRef = DBE2C83409E0B59E724A19D7 /* LocalUserProfile.swift */; };
		6612A9E67C516BA0459BEAED /* DeterministicWorkStateExtractor.swift in Sources */ = {isa = PBXBuildFile; fileRef = E235CA8AB7A6060685BF2ABD /* DeterministicWorkStateExtractor.swift */; };
		671A2C7A89052B6B4596C779 /* Assets.xcassets in Resources */ = {isa = PBXBuildFile; fileRef = F3496D5F1FA7B99B8C2716FC /* Assets.xcassets */; };
		6850C05E7FB18393AAC21F75 /* ProjectBrowserQueryServiceTests.swift in Sources */ = {isa = PBXBuildFile; fileRef = DBF1A27C76C11D3000F77463 /* ProjectBrowserQueryServiceTests.swift */; };
		689B36CA74E8E68D902578A5 /* TextMeetingCaptureServiceTests.swift in Sources */ = {isa = PBXBuildFile; fileRef = 6B92E95ABB3ACE8E9451AB25 /* TextMeetingCaptureServiceTests.swift */; };
		6A7984D5D60543EF69C2B996 /* PasteTranscriptView.swift in Sources */ = {isa = PBXBuildFile; fileRef = A8245AFE23FFF2E11236B990 /* PasteTranscriptView.swift */; };
		6A819FF8B7DB4DFCE412E1E7 /* ProjectExportBoundaryTests.swift in Sources */ = {isa = PBXBuildFile; fileRef = F1307F4B449974B075F693DC /* ProjectExportBoundaryTests.swift */; };
		6A870CA2FEB31CC79615E760 /* TranscriptionTestDoubles.swift in Sources */ = {isa = PBXBuildFile; fileRef = F5E56C6040569CAC87407DB2 /* TranscriptionTestDoubles.swift */; };
		6D66264A6EBA64BC23203D7B /* LocalUserProfileTests.swift in Sources */ = {isa = PBXBuildFile; fileRef = 03A19AFF38B35D149A6F74A5 /* LocalUserProfileTests.swift */; };
		6E2DAB8AB4F945E85C1FCFF1 /* Decision.swift in Sources */ = {isa = PBXBuildFile; fileRef = 89F58341826CA4B29DA56136 /* Decision.swift */; };
		711480878F614697A1C358A7 /* DeletionConfirmationView.swift in Sources */ = {isa = PBXBuildFile; fileRef = 74D9499A468F156C67A08308 /* DeletionConfirmationView.swift */; };
		7144156C68BDCF9F0AB766D4 /* OpenAIWorkStateExtractorTests.swift in Sources */ = {isa = PBXBuildFile; fileRef = B007E7CF934A780CA321E8E0 /* OpenAIWorkStateExtractorTests.swift */; };
		732740E81DAB3E84DB089229 /* OpenAITranscriptionProviderTests.swift in Sources */ = {isa = PBXBuildFile; fileRef = 1B8613354554E116D747964C /* OpenAITranscriptionProviderTests.swift */; };
		75BEFFCBFD0D3AE295544E56 /* MarkdownExportData.swift in Sources */ = {isa = PBXBuildFile; fileRef = 33589F0AE04325580C2EA066 /* MarkdownExportData.swift */; };
		76255D5DB6B9620BD1470F72 /* AppInfo.swift in Sources */ = {isa = PBXBuildFile; fileRef = 3E27AF6BC3EEE0120A317CAF /* AppInfo.swift */; };
		7A6B4EDAF609EF12FB29E47F /* ReviewFixtures.swift in Sources */ = {isa = PBXBuildFile; fileRef = 84CD28F24A0FF4CDEE68AEBC /* ReviewFixtures.swift */; };
		7BD25C11C2A86C090E846DAA /* TranscriptSpeakerMapper.swift in Sources */ = {isa = PBXBuildFile; fileRef = 9ECF82FDC0CFFF9ABB6FA89B /* TranscriptSpeakerMapper.swift */; };
		7D406604A9C8843E6CAA37DA /* WorkStateInboxTests.swift in Sources */ = {isa = PBXBuildFile; fileRef = 429DFFBB39F5375FCF2CBEE0 /* WorkStateInboxTests.swift */; };
		816C7F91E1031FC92EF878E7 /* CredentialStoreTests.swift in Sources */ = {isa = PBXBuildFile; fileRef = 42CD04B98CDB8B3BF0EA8815 /* CredentialStoreTests.swift */; };
		830767CBDCF70F68F6E2A5DA /* AudioFileValidatorTests.swift in Sources */ = {isa = PBXBuildFile; fileRef = BD6C5362404550D20169DF16 /* AudioFileValidatorTests.swift */; };
		834F87A588641B4497DE2409 /* JSONProjectRepository.swift in Sources */ = {isa = PBXBuildFile; fileRef = DFCBB3302A2C8A2E4FA5C2D9 /* JSONProjectRepository.swift */; };
		87826F594D2B73ECB91980E2 /* MeetingDetailView.swift in Sources */ = {isa = PBXBuildFile; fileRef = 26A318E8A89E44AB05032328 /* MeetingDetailView.swift */; };
		887D02C972996DAE73F34A7B /* ConfidenceTests.swift in Sources */ = {isa = PBXBuildFile; fileRef = 5F3AC0FF9D86F38E674AE2B7 /* ConfidenceTests.swift */; };
		8CB52D178FBFF01993D1FF54 /* AudioMeetingCaptureService.swift in Sources */ = {isa = PBXBuildFile; fileRef = F21A75293E7B1BB6476D0170 /* AudioMeetingCaptureService.swift */; };
		8CD5AC65F1111D418187B99A /* PasteTranscriptUITests.swift in Sources */ = {isa = PBXBuildFile; fileRef = 0BAB9FB0BCD3553973DEC991 /* PasteTranscriptUITests.swift */; };
		8F1612B550660725F47F3AA4 /* ProjectBrowserView.swift in Sources */ = {isa = PBXBuildFile; fileRef = B8BF08BD1B52F083C57F08D0 /* ProjectBrowserView.swift */; };
		8FEEB12EE3E7D2BBB037090E /* MultipartFormData.swift in Sources */ = {isa = PBXBuildFile; fileRef = 4199678168668DB389D140EA /* MultipartFormData.swift */; };
		91516789931D637226EE6ABD /* OpenAICredentialVerifier.swift in Sources */ = {isa = PBXBuildFile; fileRef = A41195E1B8E5B24E0B044BF3 /* OpenAICredentialVerifier.swift */; };
		920FDE2BA770BCE751BA434B /* HomeView.swift in Sources */ = {isa = PBXBuildFile; fileRef = 4529E096652E7E31385184CF /* HomeView.swift */; };
		932D0B3B81CBEE6D2DB2317F /* WorkStateReviewService.swift in Sources */ = {isa = PBXBuildFile; fileRef = 65BCF799CAB4BB3B60C941F9 /* WorkStateReviewService.swift */; };
		952A05683A0B30981669AD6F /* MeetingAudioRecorder.swift in Sources */ = {isa = PBXBuildFile; fileRef = 712206923FDE2D79F3971BF0 /* MeetingAudioRecorder.swift */; };
		980AE4226C84FF4995D6264D /* HomeSummaryTests.swift in Sources */ = {isa = PBXBuildFile; fileRef = 49BCAD8CB35AF60E0813945E /* HomeSummaryTests.swift */; };
		9845F653A35CA4732CA56B40 /* ProjectStatusSummary.swift in Sources */ = {isa = PBXBuildFile; fileRef = FBD65C76CCEB1A72BB0841E1 /* ProjectStatusSummary.swift */; };
		98FD9510A3E0B3B2D23607C1 /* AudioAsset.swift in Sources */ = {isa = PBXBuildFile; fileRef = 2F7DDDE17EB6C65B48F5564C /* AudioAsset.swift */; };
		994CE30B2C2936ACCCCC713C /* AudioAssetStoreTests.swift in Sources */ = {isa = PBXBuildFile; fileRef = 1A0714B640EB99A67E8AB0CD /* AudioAssetStoreTests.swift */; };
		9E139554DD3A49A7608EDE38 /* ProfileSettingsView.swift in Sources */ = {isa = PBXBuildFile; fileRef = 1FE3726ECEA1DDE935BC1085 /* ProfileSettingsView.swift */; };
		9F12EED0DDC51564B6DA9550 /* JSONRepositoryError.swift in Sources */ = {isa = PBXBuildFile; fileRef = DBA451479B21E3F9FF80C81E /* JSONRepositoryError.swift */; };
		A30E189ECDC4A7397CD5AF9D /* Confidence.swift in Sources */ = {isa = PBXBuildFile; fileRef = CCEA36E048E3E1562A504968 /* Confidence.swift */; };
		A434B7B382B5D483EC18378B /* OpenAITranscriptionProvider.swift in Sources */ = {isa = PBXBuildFile; fileRef = 8882B0B2DF7DCE6CBEF3208C /* OpenAITranscriptionProvider.swift */; };
		A71818AE46EDF57D9FB9A8FF /* WorkStateProposalMapperTests.swift in Sources */ = {isa = PBXBuildFile; fileRef = 15168560EF53C8EA5FA3510C /* WorkStateProposalMapperTests.swift */; };
		A99E434EC9AD2C3925D3DB3E /* ExtractionTestDoubles.swift in Sources */ = {isa = PBXBuildFile; fileRef = ACA22BFF83576F34C80406AE /* ExtractionTestDoubles.swift */; };
		A9FCFE3D096DDB27EDBF5AEF /* MeetingTranscriptExportBoundaryTests.swift in Sources */ = {isa = PBXBuildFile; fileRef = 14DBF097D5D5FF93F3693908 /* MeetingTranscriptExportBoundaryTests.swift */; };
		ACFD3183D0BDF0FC1F22ED50 /* WorkStateProposalCard.swift in Sources */ = {isa = PBXBuildFile; fileRef = 9FA323269A9328D416EF970D /* WorkStateProposalCard.swift */; };
		AEA791BF0F844B233FBB3A52 /* MeetingAudioPlaybackModelTests.swift in Sources */ = {isa = PBXBuildFile; fileRef = E1FDB482D7F7077F33D7D7DC /* MeetingAudioPlaybackModelTests.swift */; };
		B0300427B7E9E17C83937C35 /* ParticipantDirectory.swift in Sources */ = {isa = PBXBuildFile; fileRef = 5473FDC64E299CA779655230 /* ParticipantDirectory.swift */; };
		B1A53153B2F97144E1C20171 /* WorkStateExtractionService.swift in Sources */ = {isa = PBXBuildFile; fileRef = 28DA8A936278C0C49ACA78F6 /* WorkStateExtractionService.swift */; };
		B357787453E7CC91AA2C9F88 /* OpenAIConfiguration.swift in Sources */ = {isa = PBXBuildFile; fileRef = 2FF844D7B879F96D7D6854A7 /* OpenAIConfiguration.swift */; };
		B3CB49FF56112015023DF8FE /* MeetingTranscriptMarkdownRenderer.swift in Sources */ = {isa = PBXBuildFile; fileRef = 5DBC1B05E1451053F0AA8826 /* MeetingTranscriptMarkdownRenderer.swift */; };
		B45857945AFFCF585A768947 /* OpenAIExtractionSchema.swift in Sources */ = {isa = PBXBuildFile; fileRef = 1DEFA1B6D2768D938E792A6B /* OpenAIExtractionSchema.swift */; };
		B661AD6232302BEF96289F30 /* TestFixtures.swift in Sources */ = {isa = PBXBuildFile; fileRef = D1EAC0D602C3672018722218 /* TestFixtures.swift */; };
		B6A3A32C80AC955951E8476F /* OpenAIWorkStateExtractionLiveTests.swift in Sources */ = {isa = PBXBuildFile; fileRef = F0FC923DDE8CCBBD36D4AF37 /* OpenAIWorkStateExtractionLiveTests.swift */; };
		B72970AF9382570451116A22 /* ProjectDeletionService.swift in Sources */ = {isa = PBXBuildFile; fileRef = F0D144AA4ED59ECDB328F181 /* ProjectDeletionService.swift */; };
		B98D6DFF142E51DC197DA124 /* MeetingAudioPlayerView.swift in Sources */ = {isa = PBXBuildFile; fileRef = ABBE69B098312C0AB4C2720D /* MeetingAudioPlayerView.swift */; };
		BBBA7F289271932AEF87E89C /* ProjectModelTests.swift in Sources */ = {isa = PBXBuildFile; fileRef = CCB030E872DA4146351D7778 /* ProjectModelTests.swift */; };
		BC2C8F4D4151108DCFC895E1 /* OpenQuestion.swift in Sources */ = {isa = PBXBuildFile; fileRef = 586B35153C1DEC11ED99277B /* OpenQuestion.swift */; };
		BC5747EBF42BE905F6CF575A /* WorkStateProposalMapper.swift in Sources */ = {isa = PBXBuildFile; fileRef = F306605013AC4B1D5E0E4072 /* WorkStateProposalMapper.swift */; };
		BCE1A2292C871721DB95CD79 /* MeetingAudioPlayer.swift in Sources */ = {isa = PBXBuildFile; fileRef = 6CDB33BD66CCA35445C867DC /* MeetingAudioPlayer.swift */; };
		C1E2129D73BCDB3134BC8F68 /* SpeakerConfirmationView.swift in Sources */ = {isa = PBXBuildFile; fileRef = 29D3434E2877328C0DB16E7E /* SpeakerConfirmationView.swift */; };
		C2889F18AB25B7A27B24ABEA /* LocalUserProfileRepository.swift in Sources */ = {isa = PBXBuildFile; fileRef = 2CE21C0942C057C358D5BCB5 /* LocalUserProfileRepository.swift */; };
		C38680C99ED8577F08A60CD2 /* ProjectBrowserIntegrationTests.swift in Sources */ = {isa = PBXBuildFile; fileRef = E338507F05C991DA2AD4F415 /* ProjectBrowserIntegrationTests.swift */; };
		C3971FFCE3FE9C2E73FFD3BD /* OpenAITranscriptionDTO.swift in Sources */ = {isa = PBXBuildFile; fileRef = AE02863E20074EBE48CA2854 /* OpenAITranscriptionDTO.swift */; };
		C64FD223C5AB8AF30CCE36FD /* ProjectBrowserQueryService.swift in Sources */ = {isa = PBXBuildFile; fileRef = 703FE5FA937C66BC72F34B7A /* ProjectBrowserQueryService.swift */; };
		C94B81CB09AE781C05E4079F /* AVFoundationMeetingAudioRecorder.swift in Sources */ = {isa = PBXBuildFile; fileRef = F5CD89530138E53562E76A7E /* AVFoundationMeetingAudioRecorder.swift */; };
		C9AC237371B7E84693856B11 /* MeetingTranscriptMarkdownRendererTests.swift in Sources */ = {isa = PBXBuildFile; fileRef = 9BD2D9692BE86A6FF26BE9D5 /* MeetingTranscriptMarkdownRendererTests.swift */; };
		CD2322C8E6E31425B41F78CD /* AVFoundationMeetingAudioPlayer.swift in Sources */ = {isa = PBXBuildFile; fileRef = 39F30D5BC17B5D4DF2D15069 /* AVFoundationMeetingAudioPlayer.swift */; };
		D352A6F6C2012C0F069C9770 /* ProjectDetailView.swift in Sources */ = {isa = PBXBuildFile; fileRef = 8491E5E67DEC49F1ED1766D3 /* ProjectDetailView.swift */; };
		D397457B6A5AA301FD91288E /* KeychainAPICredentialStore.swift in Sources */ = {isa = PBXBuildFile; fileRef = D750C1E045F89B05DB36915E /* KeychainAPICredentialStore.swift */; };
		D3A78E6F18FFD4087A04ABAD /* MeetingWorkStateSummaryTests.swift in Sources */ = {isa = PBXBuildFile; fileRef = 2E3EA2C31B1B017184B67B4F /* MeetingWorkStateSummaryTests.swift */; };
		D3E9CE7194FB5E79B203A276 /* MeetingAudioPlaybackBoundaryTests.swift in Sources */ = {isa = PBXBuildFile; fileRef = 53401A2FC3AD8DA1D8884DC9 /* MeetingAudioPlaybackBoundaryTests.swift */; };
		D5EFEC1663327623F5E0871A /* EvidenceReference.swift in Sources */ = {isa = PBXBuildFile; fileRef = 9AAC7E87F39DD0690F9FCACC /* EvidenceReference.swift */; };
		D81B9BA4BF8509C0F03968B0 /* ModelEquatableTests.swift in Sources */ = {isa = PBXBuildFile; fileRef = E14F569133D323B4D76A703E /* ModelEquatableTests.swift */; };
		D85E72BEA0E7CE2EEA0C7D8B /* PendingAIProposalPolicy.swift in Sources */ = {isa = PBXBuildFile; fileRef = 30DBEB5FFB41F6BD675CF8D4 /* PendingAIProposalPolicy.swift */; };
		D89C3C89DC08E20D3009C341 /* ContentView.swift in Sources */ = {isa = PBXBuildFile; fileRef = 0B09EF44B431F4D44006E6B9 /* ContentView.swift */; };
		DDF0CE92F6059BE86A2353BE /* MeetingWorkStateSummary.swift in Sources */ = {isa = PBXBuildFile; fileRef = C7484D83C5A92B8EE189C5F6 /* MeetingWorkStateSummary.swift */; };
		DE34566921332DC5F9B65B5A /* HAENATests.swift in Sources */ = {isa = PBXBuildFile; fileRef = 6E5E3EA054185646F649AC65 /* HAENATests.swift */; };
		E218FC9790B9751E46BDFAF3 /* MeetingDisplay.swift in Sources */ = {isa = PBXBuildFile; fileRef = E648DAF2106FF4559DC0A618 /* MeetingDisplay.swift */; };
		E29F9808B0C5AFF726FD5F48 /* MeetingAudioRecorderTests.swift in Sources */ = {isa = PBXBuildFile; fileRef = F9BDFDE38CC9B3B3737D8A6C /* MeetingAudioRecorderTests.swift */; };
		E4234CAA3ABF5B8C6A6F8019 /* MyWorkPolicy.swift in Sources */ = {isa = PBXBuildFile; fileRef = 72EE6DCA6B6110958CAAD160 /* MyWorkPolicy.swift */; };
		E4EDD3F66F919712B5D055F3 /* AISettingsView.swift in Sources */ = {isa = PBXBuildFile; fileRef = F959320BB8D7C9B3FC06EA6B /* AISettingsView.swift */; };
		E7610CDC32E986F7523BED7F /* Meeting.swift in Sources */ = {isa = PBXBuildFile; fileRef = 7BBFD2AE326C7CF9AAA8C3FE /* Meeting.swift */; };
		ED3ACCB328789D24DE92B315 /* DeterministicMeetingAudioPlayer.swift in Sources */ = {isa = PBXBuildFile; fileRef = D3F49479E00861B8F617C414 /* DeterministicMeetingAudioPlayer.swift */; };
		ED88D95E0379418D6D77DB45 /* PasteboardWriter.swift in Sources */ = {isa = PBXBuildFile; fileRef = 86E33B9A726B7212936CB347 /* PasteboardWriter.swift */; };
		EE0EC039EFF85D5B114AB654 /* ProjectRepository.swift in Sources */ = {isa = PBXBuildFile; fileRef = 44D663392DA5F61D2339878F /* ProjectRepository.swift */; };
		EEC2F6AFBA698A99C72F2381 /* WorkStateReviewServiceTests.swift in Sources */ = {isa = PBXBuildFile; fileRef = 8D910C59D3F033383FB986C9 /* WorkStateReviewServiceTests.swift */; };
		F6B2D59836584AAC3BAE5B8C /* MeetingResultsIntegrationTests.swift in Sources */ = {isa = PBXBuildFile; fileRef = 993C82082BC6B71BDEE0976F /* MeetingResultsIntegrationTests.swift */; };
		F77881B2939E5BC4DB06CF59 /* WorkStateDisplay.swift in Sources */ = {isa = PBXBuildFile; fileRef = 6D45E283537770C81AB5CEA3 /* WorkStateDisplay.swift */; };
		F9C209AE1CAF67621158ED55 /* InMemoryProjectRepository.swift in Sources */ = {isa = PBXBuildFile; fileRef = 7E87DE77DB75B8A0157AF5C2 /* InMemoryProjectRepository.swift */; };
		F9EAC4067FF358E77A9A5E31 /* ProjectStatusSummaryTests.swift in Sources */ = {isa = PBXBuildFile; fileRef = 86071B9E0DFF50654C8A2CE7 /* ProjectStatusSummaryTests.swift */; };
		FA19DFD9B21C6F9461F68086 /* HAENAUITests.swift in Sources */ = {isa = PBXBuildFile; fileRef = 065223BAE41C8AEF1B683FCD /* HAENAUITests.swift */; };
		FCDFAD5ABB00CD7F7150D480 /* ProjectMarkdownRenderer.swift in Sources */ = {isa = PBXBuildFile; fileRef = BBCD29B7376AE1A9E8697FED /* ProjectMarkdownRenderer.swift */; };
		FD1E7A685227753A3CB07CF9 /* ProjectStatusView.swift in Sources */ = {isa = PBXBuildFile; fileRef = 4A67D031C3E03903A57ED0FE /* ProjectStatusView.swift */; };
		FE3DCFA308D930BB7BDA541F /* DeterministicTranscriptionProvider.swift in Sources */ = {isa = PBXBuildFile; fileRef = 4A80B035233E4471042FC6F8 /* DeterministicTranscriptionProvider.swift */; };
		FE8320C16F6BAC59D3FD4F72 /* MyWorkTests.swift in Sources */ = {isa = PBXBuildFile; fileRef = 2E304C326D883532664541B0 /* MyWorkTests.swift */; };
		FF5B83E17262DA3C64A1DC4B /* MicrophoneRecordingIntegrationTests.swift in Sources */ = {isa = PBXBuildFile; fileRef = C4ACFC426D6659B2CB8D469A /* MicrophoneRecordingIntegrationTests.swift */; };
/* End PBXBuildFile section */

/* Begin PBXContainerItemProxy section */
		2A7676E7BBC552C1CF9B726C /* PBXContainerItemProxy */ = {
			isa = PBXContainerItemProxy;
			containerPortal = A205A76F003310DCC2D83829 /* Project object */;
			proxyType = 1;
			remoteGlobalIDString = 6CA1AA31F2BDF9EB2F1DCEF1;
			remoteInfo = HAENA;
		};
		818D36C5F8499113E42FE7D4 /* PBXContainerItemProxy */ = {
			isa = PBXContainerItemProxy;
			containerPortal = A205A76F003310DCC2D83829 /* Project object */;
			proxyType = 1;
			remoteGlobalIDString = 6CA1AA31F2BDF9EB2F1DCEF1;
			remoteInfo = HAENA;
		};
/* End PBXContainerItemProxy section */

/* Begin PBXFileReference section */
		03A19AFF38B35D149A6F74A5 /* LocalUserProfileTests.swift */ = {isa = PBXFileReference; lastKnownFileType = sourcecode.swift; path = LocalUserProfileTests.swift; sourceTree = "<group>"; };
		058F1A8F18EA79A4C0A95917 /* RecordAudioView.swift */ = {isa = PBXFileReference; lastKnownFileType = sourcecode.swift; path = RecordAudioView.swift; sourceTree = "<group>"; };
		05B35283C3C236D21899AAFE /* MeetingDateFormatter.swift */ = {isa = PBXFileReference; lastKnownFileType = sourcecode.swift; path = MeetingDateFormatter.swift; sourceTree = "<group>"; };
		065223BAE41C8AEF1B683FCD /* HAENAUITests.swift */ = {isa = PBXFileReference; lastKnownFileType = sourcecode.swift; path = HAENAUITests.swift; sourceTree = "<group>"; };
		094803E680DAF312ED016D13 /* Participant.swift */ = {isa = PBXFileReference; lastKnownFileType = sourcecode.swift; path = Participant.swift; sourceTree = "<group>"; };
		0B09EF44B431F4D44006E6B9 /* ContentView.swift */ = {isa = PBXFileReference; lastKnownFileType = sourcecode.swift; path = ContentView.swift; sourceTree = "<group>"; };
		0BAB9FB0BCD3553973DEC991 /* PasteTranscriptUITests.swift */ = {isa = PBXFileReference; lastKnownFileType = sourcecode.swift; path = PasteTranscriptUITests.swift; sourceTree = "<group>"; };
		0BF0EB15856555142F021913 /* PresentationFormattingTests.swift */ = {isa = PBXFileReference; lastKnownFileType = sourcecode.swift; path = PresentationFormattingTests.swift; sourceTree = "<group>"; };
		140065D09E7BFEC5C3A7D2EC /* WorkStateInbox.swift */ = {isa = PBXFileReference; lastKnownFileType = sourcecode.swift; path = WorkStateInbox.swift; sourceTree = "<group>"; };
		14DBF097D5D5FF93F3693908 /* MeetingTranscriptExportBoundaryTests.swift */ = {isa = PBXFileReference; lastKnownFileType = sourcecode.swift; path = MeetingTranscriptExportBoundaryTests.swift; sourceTree = "<group>"; };
		15168560EF53C8EA5FA3510C /* WorkStateProposalMapperTests.swift */ = {isa = PBXFileReference; lastKnownFileType = sourcecode.swift; path = WorkStateProposalMapperTests.swift; sourceTree = "<group>"; };
		16129C12D2A92EBE3B37BC89 /* HTTPTransport.swift */ = {isa = PBXFileReference; lastKnownFileType = sourcecode.swift; path = HTTPTransport.swift; sourceTree = "<group>"; };
		1A0714B640EB99A67E8AB0CD /* AudioAssetStoreTests.swift */ = {isa = PBXFileReference; lastKnownFileType = sourcecode.swift; path = AudioAssetStoreTests.swift; sourceTree = "<group>"; };
		1B0A15DBDE0BF72D084A105A /* ProjectMarkdownRendererTests.swift */ = {isa = PBXFileReference; lastKnownFileType = sourcecode.swift; path = ProjectMarkdownRendererTests.swift; sourceTree = "<group>"; };
		1B8613354554E116D747964C /* OpenAITranscriptionProviderTests.swift */ = {isa = PBXFileReference; lastKnownFileType = sourcecode.swift; path = OpenAITranscriptionProviderTests.swift; sourceTree = "<group>"; };
		1DEFA1B6D2768D938E792A6B /* OpenAIExtractionSchema.swift */ = {isa = PBXFileReference; lastKnownFileType = sourcecode.swift; path = OpenAIExtractionSchema.swift; sourceTree = "<group>"; };
		1FE3726ECEA1DDE935BC1085 /* ProfileSettingsView.swift */ = {isa = PBXFileReference; lastKnownFileType = sourcecode.swift; path = ProfileSettingsView.swift; sourceTree = "<group>"; };
		23BD6FD0E67EF37CA92BE4BB /* AudioAssetStore.swift */ = {isa = PBXFileReference; lastKnownFileType = sourcecode.swift; path = AudioAssetStore.swift; sourceTree = "<group>"; };
		263AC5D8CCE49C1914B46EC2 /* MeetingResultFixtures.swift */ = {isa = PBXFileReference; lastKnownFileType = sourcecode.swift; path = MeetingResultFixtures.swift; sourceTree = "<group>"; };
		26A318E8A89E44AB05032328 /* MeetingDetailView.swift */ = {isa = PBXFileReference; lastKnownFileType = sourcecode.swift; path = MeetingDetailView.swift; sourceTree = "<group>"; };
		28DA8A936278C0C49ACA78F6 /* WorkStateExtractionService.swift */ = {isa = PBXFileReference; lastKnownFileType = sourcecode.swift; path = WorkStateExtractionService.swift; sourceTree = "<group>"; };
		29D3434E2877328C0DB16E7E /* SpeakerConfirmationView.swift */ = {isa = PBXFileReference; lastKnownFileType = sourcecode.swift; path = SpeakerConfirmationView.swift; sourceTree = "<group>"; };
		2CE21C0942C057C358D5BCB5 /* LocalUserProfileRepository.swift */ = {isa = PBXFileReference; lastKnownFileType = sourcecode.swift; path = LocalUserProfileRepository.swift; sourceTree = "<group>"; };
		2E304C326D883532664541B0 /* MyWorkTests.swift */ = {isa = PBXFileReference; lastKnownFileType = sourcecode.swift; path = MyWorkTests.swift; sourceTree = "<group>"; };
		2E3EA2C31B1B017184B67B4F /* MeetingWorkStateSummaryTests.swift */ = {isa = PBXFileReference; lastKnownFileType = sourcecode.swift; path = MeetingWorkStateSummaryTests.swift; sourceTree = "<group>"; };
		2F7DDDE17EB6C65B48F5564C /* AudioAsset.swift */ = {isa = PBXFileReference; lastKnownFileType = sourcecode.swift; path = AudioAsset.swift; sourceTree = "<group>"; };
		2FE0B1E91DA382EBBBA126F5 /* ProjectDeletionUITests.swift */ = {isa = PBXFileReference; lastKnownFileType = sourcecode.swift; path = ProjectDeletionUITests.swift; sourceTree = "<group>"; };
		2FF844D7B879F96D7D6854A7 /* OpenAIConfiguration.swift */ = {isa = PBXFileReference; lastKnownFileType = sourcecode.swift; path = OpenAIConfiguration.swift; sourceTree = "<group>"; };
		30DBEB5FFB41F6BD675CF8D4 /* PendingAIProposalPolicy.swift */ = {isa = PBXFileReference; lastKnownFileType = sourcecode.swift; path = PendingAIProposalPolicy.swift; sourceTree = "<group>"; };
		33589F0AE04325580C2EA066 /* MarkdownExportData.swift */ = {isa = PBXFileReference; lastKnownFileType = sourcecode.swift; path = MarkdownExportData.swift; sourceTree = "<group>"; };
		34ACF1C978BEDBEDCBFAC7AA /* MeetingModelTests.swift */ = {isa = PBXFileReference; lastKnownFileType = sourcecode.swift; path = MeetingModelTests.swift; sourceTree = "<group>"; };
		386459D8A9ACB48FFB7E9351 /* HomeSummary.swift */ = {isa = PBXFileReference; lastKnownFileType = sourcecode.swift; path = HomeSummary.swift; sourceTree = "<group>"; };
		38C719BF60E178CFE55EE0B3 /* ModelProvider.swift */ = {isa = PBXFileReference; lastKnownFileType = sourcecode.swift; path = ModelProvider.swift; sourceTree = "<group>"; };
		39F30D5BC17B5D4DF2D15069 /* AVFoundationMeetingAudioPlayer.swift */ = {isa = PBXFileReference; lastKnownFileType = sourcecode.swift; path = AVFoundationMeetingAudioPlayer.swift; sourceTree = "<group>"; };
		3A0299F05C03D622C53F0E3E /* AudioImportIntegrationTests.swift */ = {isa = PBXFileReference; lastKnownFileType = sourcecode.swift; path = AudioImportIntegrationTests.swift; sourceTree = "<group>"; };
		3B1FC2B0C8387160678C5E7A /* JSONValue.swift */ = {isa = PBXFileReference; lastKnownFileType = sourcecode.swift; path = JSONValue.swift; sourceTree = "<group>"; };
		3E27AF6BC3EEE0120A317CAF /* AppInfo.swift */ = {isa = PBXFileReference; lastKnownFileType = sourcecode.swift; path = AppInfo.swift; sourceTree = "<group>"; };
		4199678168668DB389D140EA /* MultipartFormData.swift */ = {isa = PBXFileReference; lastKnownFileType = sourcecode.swift; path = MultipartFormData.swift; sourceTree = "<group>"; };
		425F6F0A2791D7F754764AF3 /* Transcription.swift */ = {isa = PBXFileReference; lastKnownFileType = sourcecode.swift; path = Transcription.swift; sourceTree = "<group>"; };
		429DFFBB39F5375FCF2CBEE0 /* WorkStateInboxTests.swift */ = {isa = PBXFileReference; lastKnownFileType = sourcecode.swift; path = WorkStateInboxTests.swift; sourceTree = "<group>"; };
		42CD04B98CDB8B3BF0EA8815 /* CredentialStoreTests.swift */ = {isa = PBXFileReference; lastKnownFileType = sourcecode.swift; path = CredentialStoreTests.swift; sourceTree = "<group>"; };
		44D663392DA5F61D2339878F /* ProjectRepository.swift */ = {isa = PBXFileReference; lastKnownFileType = sourcecode.swift; path = ProjectRepository.swift; sourceTree = "<group>"; };
		4529E096652E7E31385184CF /* HomeView.swift */ = {isa = PBXFileReference; lastKnownFileType = sourcecode.swift; path = HomeView.swift; sourceTree = "<group>"; };
		48D552D079796527B2EF590E /* SpeakerConfirmationServiceTests.swift */ = {isa = PBXFileReference; lastKnownFileType = sourcecode.swift; path = SpeakerConfirmationServiceTests.swift; sourceTree = "<group>"; };
		49BCAD8CB35AF60E0813945E /* HomeSummaryTests.swift */ = {isa = PBXFileReference; lastKnownFileType = sourcecode.swift; path = HomeSummaryTests.swift; sourceTree = "<group>"; };
		4A67D031C3E03903A57ED0FE /* ProjectStatusView.swift */ = {isa = PBXFileReference; lastKnownFileType = sourcecode.swift; path = ProjectStatusView.swift; sourceTree = "<group>"; };
		4A80B035233E4471042FC6F8 /* DeterministicTranscriptionProvider.swift */ = {isa = PBXFileReference; lastKnownFileType = sourcecode.swift; path = DeterministicTranscriptionProvider.swift; sourceTree = "<group>"; };
		4E3BB045C21FAC44C75807B6 /* AudioFileValidator.swift */ = {isa = PBXFileReference; lastKnownFileType = sourcecode.swift; path = AudioFileValidator.swift; sourceTree = "<group>"; };
		4E3BF7D044C442EC779EC8CE /* HAENAApp.swift */ = {isa = PBXFileReference; lastKnownFileType = sourcecode.swift; path = HAENAApp.swift; sourceTree = "<group>"; };
		50F1578475F964354E38636B /* TranscriptTimestampFormatter.swift */ = {isa = PBXFileReference; lastKnownFileType = sourcecode.swift; path = TranscriptTimestampFormatter.swift; sourceTree = "<group>"; };
		524A8C52737AFBD63CB02D3B /* AgendaItem.swift */ = {isa = PBXFileReference; lastKnownFileType = sourcecode.swift; path = AgendaItem.swift; sourceTree = "<group>"; };
		53401A2FC3AD8DA1D8884DC9 /* MeetingAudioPlaybackBoundaryTests.swift */ = {isa = PBXFileReference; lastKnownFileType = sourcecode.swift; path = MeetingAudioPlaybackBoundaryTests.swift; sourceTree = "<group>"; };
		5473FDC64E299CA779655230 /* ParticipantDirectory.swift */ = {isa = PBXFileReference; lastKnownFileType = sourcecode.swift; path = ParticipantDirectory.swift; sourceTree = "<group>"; };
		567385CA128CFC7EC315D269 /* ActionItemEditView.swift */ = {isa = PBXFileReference; lastKnownFileType = sourcecode.swift; path = ActionItemEditView.swift; sourceTree = "<group>"; };
		56952421557CED7EF65F86BC /* Project.swift */ = {isa = PBXFileReference; lastKnownFileType = sourcecode.swift; path = Project.swift; sourceTree = "<group>"; };
		586B35153C1DEC11ED99277B /* OpenQuestion.swift */ = {isa = PBXFileReference; lastKnownFileType = sourcecode.swift; path = OpenQuestion.swift; sourceTree = "<group>"; };
		5A952952C0DBC2F839A48E28 /* HAENATests.xctest */ = {isa = PBXFileReference; explicitFileType = wrapper.cfbundle; includeInIndex = 0; path = HAENATests.xctest; sourceTree = BUILT_PRODUCTS_DIR; };
		5DBC1B05E1451053F0AA8826 /* MeetingTranscriptMarkdownRenderer.swift */ = {isa = PBXFileReference; lastKnownFileType = sourcecode.swift; path = MeetingTranscriptMarkdownRenderer.swift; sourceTree = "<group>"; };
		5F3A46CB0FF6019A49752EDF /* OpenAICredentialResolver.swift */ = {isa = PBXFileReference; lastKnownFileType = sourcecode.swift; path = OpenAICredentialResolver.swift; sourceTree = "<group>"; };
		5F3AC0FF9D86F38E674AE2B7 /* ConfidenceTests.swift */ = {isa = PBXFileReference; lastKnownFileType = sourcecode.swift; path = ConfidenceTests.swift; sourceTree = "<group>"; };
		65BCF799CAB4BB3B60C941F9 /* WorkStateReviewService.swift */ = {isa = PBXFileReference; lastKnownFileType = sourcecode.swift; path = WorkStateReviewService.swift; sourceTree = "<group>"; };
		6604623FF79560E50BB0D5F3 /* SpeakerResolution.swift */ = {isa = PBXFileReference; lastKnownFileType = sourcecode.swift; path = SpeakerResolution.swift; sourceTree = "<group>"; };
		6B92E95ABB3ACE8E9451AB25 /* TextMeetingCaptureServiceTests.swift */ = {isa = PBXFileReference; lastKnownFileType = sourcecode.swift; path = TextMeetingCaptureServiceTests.swift; sourceTree = "<group>"; };
		6BA19CD9B38591AD7C56D936 /* ProjectStoreFile.swift */ = {isa = PBXFileReference; lastKnownFileType = sourcecode.swift; path = ProjectStoreFile.swift; sourceTree = "<group>"; };
		6C608D2AFCF2375D520754B2 /* ProjectBrowserUITests.swift */ = {isa = PBXFileReference; lastKnownFileType = sourcecode.swift; path = ProjectBrowserUITests.swift; sourceTree = "<group>"; };
		6CDB33BD66CCA35445C867DC /* MeetingAudioPlayer.swift */ = {isa = PBXFileReference; lastKnownFileType = sourcecode.swift; path = MeetingAudioPlayer.swift; sourceTree = "<group>"; };
		6D45E283537770C81AB5CEA3 /* WorkStateDisplay.swift */ = {isa = PBXFileReference; lastKnownFileType = sourcecode.swift; path = WorkStateDisplay.swift; sourceTree = "<group>"; };
		6E5E3EA054185646F649AC65 /* HAENATests.swift */ = {isa = PBXFileReference; lastKnownFileType = sourcecode.swift; path = HAENATests.swift; sourceTree = "<group>"; };
		703FE5FA937C66BC72F34B7A /* ProjectBrowserQueryService.swift */ = {isa = PBXFileReference; lastKnownFileType = sourcecode.swift; path = ProjectBrowserQueryService.swift; sourceTree = "<group>"; };
		712206923FDE2D79F3971BF0 /* MeetingAudioRecorder.swift */ = {isa = PBXFileReference; lastKnownFileType = sourcecode.swift; path = MeetingAudioRecorder.swift; sourceTree = "<group>"; };
		72EE6DCA6B6110958CAAD160 /* MyWorkPolicy.swift */ = {isa = PBXFileReference; lastKnownFileType = sourcecode.swift; path = MyWorkPolicy.swift; sourceTree = "<group>"; };
		74D9499A468F156C67A08308 /* DeletionConfirmationView.swift */ = {isa = PBXFileReference; lastKnownFileType = sourcecode.swift; path = DeletionConfirmationView.swift; sourceTree = "<group>"; };
		77B7C33FAB52DF62460E1F6E /* MarkdownFileExporter.swift */ = {isa = PBXFileReference; lastKnownFileType = sourcecode.swift; path = MarkdownFileExporter.swift; sourceTree = "<group>"; };
		7BBFD2AE326C7CF9AAA8C3FE /* Meeting.swift */ = {isa = PBXFileReference; lastKnownFileType = sourcecode.swift; path = Meeting.swift; sourceTree = "<group>"; };
		7E87DE77DB75B8A0157AF5C2 /* InMemoryProjectRepository.swift */ = {isa = PBXFileReference; lastKnownFileType = sourcecode.swift; path = InMemoryProjectRepository.swift; sourceTree = "<group>"; };
		81922DA880EB441A6CEAA4AA /* MeetingResultsView.swift */ = {isa = PBXFileReference; lastKnownFileType = sourcecode.swift; path = MeetingResultsView.swift; sourceTree = "<group>"; };
		833110D4A29E8D1F6346DB90 /* WorkStateExtractionServiceTests.swift */ = {isa = PBXFileReference; lastKnownFileType = sourcecode.swift; path = WorkStateExtractionServiceTests.swift; sourceTree = "<group>"; };
		8491E5E67DEC49F1ED1766D3 /* ProjectDetailView.swift */ = {isa = PBXFileReference; lastKnownFileType = sourcecode.swift; path = ProjectDetailView.swift; sourceTree = "<group>"; };
		84CD28F24A0FF4CDEE68AEBC /* ReviewFixtures.swift */ = {isa = PBXFileReference; lastKnownFileType = sourcecode.swift; path = ReviewFixtures.swift; sourceTree = "<group>"; };
		86071B9E0DFF50654C8A2CE7 /* ProjectStatusSummaryTests.swift */ = {isa = PBXFileReference; lastKnownFileType = sourcecode.swift; path = ProjectStatusSummaryTests.swift; sourceTree = "<group>"; };
		86E33B9A726B7212936CB347 /* PasteboardWriter.swift */ = {isa = PBXFileReference; lastKnownFileType = sourcecode.swift; path = PasteboardWriter.swift; sourceTree = "<group>"; };
		88553966A026A10267C09C62 /* ProjectDeletionIntegrationTests.swift */ = {isa = PBXFileReference; lastKnownFileType = sourcecode.swift; path = ProjectDeletionIntegrationTests.swift; sourceTree = "<group>"; };
		8882B0B2DF7DCE6CBEF3208C /* OpenAITranscriptionProvider.swift */ = {isa = PBXFileReference; lastKnownFileType = sourcecode.swift; path = OpenAITranscriptionProvider.swift; sourceTree = "<group>"; };
		89F58341826CA4B29DA56136 /* Decision.swift */ = {isa = PBXFileReference; lastKnownFileType = sourcecode.swift; path = Decision.swift; sourceTree = "<group>"; };
		8D910C59D3F033383FB986C9 /* WorkStateReviewServiceTests.swift */ = {isa = PBXFileReference; lastKnownFileType = sourcecode.swift; path = WorkStateReviewServiceTests.swift; sourceTree = "<group>"; };
		90692F1E1BE409173A8BDEF4 /* AudioMeetingCaptureServiceTests.swift */ = {isa = PBXFileReference; lastKnownFileType = sourcecode.swift; path = AudioMeetingCaptureServiceTests.swift; sourceTree = "<group>"; };
		92971D2FD866A033476B8A39 /* TranscriptSegment.swift */ = {isa = PBXFileReference; lastKnownFileType = sourcecode.swift; path = TranscriptSegment.swift; sourceTree = "<group>"; };
		965FC05F00CEABB2F26A9F2F /* SpeakerConfirmationService.swift */ = {isa = PBXFileReference; lastKnownFileType = sourcecode.swift; path = SpeakerConfirmationService.swift; sourceTree = "<group>"; };
		9697FF19A061081BD838EB3B /* WorkStateExtraction.swift */ = {isa = PBXFileReference; lastKnownFileType = sourcecode.swift; path = WorkStateExtraction.swift; sourceTree = "<group>"; };
		993C82082BC6B71BDEE0976F /* MeetingResultsIntegrationTests.swift */ = {isa = PBXFileReference; lastKnownFileType = sourcecode.swift; path = MeetingResultsIntegrationTests.swift; sourceTree = "<group>"; };
		99F71D1F4B0D759068EE4C70 /* MeetingAudioPlaybackModel.swift */ = {isa = PBXFileReference; lastKnownFileType = sourcecode.swift; path = MeetingAudioPlaybackModel.swift; sourceTree = "<group>"; };
		9AAC7E87F39DD0690F9FCACC /* EvidenceReference.swift */ = {isa = PBXFileReference; lastKnownFileType = sourcecode.swift; path = EvidenceReference.swift; sourceTree = "<group>"; };
		9BD2D9692BE86A6FF26BE9D5 /* MeetingTranscriptMarkdownRendererTests.swift */ = {isa = PBXFileReference; lastKnownFileType = sourcecode.swift; path = MeetingTranscriptMarkdownRendererTests.swift; sourceTree = "<group>"; };
		9DAD85A4183B9BDFCAA2557C /* HAENA.entitlements */ = {isa = PBXFileReference; lastKnownFileType = text.plist.entitlements; path = HAENA.entitlements; sourceTree = "<group>"; };
		9ECF82FDC0CFFF9ABB6FA89B /* TranscriptSpeakerMapper.swift */ = {isa = PBXFileReference; lastKnownFileType = sourcecode.swift; path = TranscriptSpeakerMapper.swift; sourceTree = "<group>"; };
		9FA323269A9328D416EF970D /* WorkStateProposalCard.swift */ = {isa = PBXFileReference; lastKnownFileType = sourcecode.swift; path = WorkStateProposalCard.swift; sourceTree = "<group>"; };
		A1525F7C0438C21EBBC1D8F7 /* OpenAIWorkStateExtractor.swift */ = {isa = PBXFileReference; lastKnownFileType = sourcecode.swift; path = OpenAIWorkStateExtractor.swift; sourceTree = "<group>"; };
		A41195E1B8E5B24E0B044BF3 /* OpenAICredentialVerifier.swift */ = {isa = PBXFileReference; lastKnownFileType = sourcecode.swift; path = OpenAICredentialVerifier.swift; sourceTree = "<group>"; };
		A450E6EC66DF4AE85532FD09 /* APICredentialStore.swift */ = {isa = PBXFileReference; lastKnownFileType = sourcecode.swift; path = APICredentialStore.swift; sourceTree = "<group>"; };
		A7F1B19B7FC70222D55D617A /* OpenAITranscriptionLiveTests.swift */ = {isa = PBXFileReference; lastKnownFileType = sourcecode.swift; path = OpenAITranscriptionLiveTests.swift; sourceTree = "<group>"; };
		A8245AFE23FFF2E11236B990 /* PasteTranscriptView.swift */ = {isa = PBXFileReference; lastKnownFileType = sourcecode.swift; path = PasteTranscriptView.swift; sourceTree = "<group>"; };
		ABBE69B098312C0AB4C2720D /* MeetingAudioPlayerView.swift */ = {isa = PBXFileReference; lastKnownFileType = sourcecode.swift; path = MeetingAudioPlayerView.swift; sourceTree = "<group>"; };
		ACA22BFF83576F34C80406AE /* ExtractionTestDoubles.swift */ = {isa = PBXFileReference; lastKnownFileType = sourcecode.swift; path = ExtractionTestDoubles.swift; sourceTree = "<group>"; };
		ACEE53E0CAE39A2200544C21 /* RecordingScratchStore.swift */ = {isa = PBXFileReference; lastKnownFileType = sourcecode.swift; path = RecordingScratchStore.swift; sourceTree = "<group>"; };
		AE02863E20074EBE48CA2854 /* OpenAITranscriptionDTO.swift */ = {isa = PBXFileReference; lastKnownFileType = sourcecode.swift; path = OpenAITranscriptionDTO.swift; sourceTree = "<group>"; };
		AE799FC0529C4C8B0842BF53 /* DeterministicMeetingAudioRecorder.swift */ = {isa = PBXFileReference; lastKnownFileType = sourcecode.swift; path = DeterministicMeetingAudioRecorder.swift; sourceTree = "<group>"; };
		B007E7CF934A780CA321E8E0 /* OpenAIWorkStateExtractorTests.swift */ = {isa = PBXFileReference; lastKnownFileType = sourcecode.swift; path = OpenAIWorkStateExtractorTests.swift; sourceTree = "<group>"; };
		B8BF08BD1B52F083C57F08D0 /* ProjectBrowserView.swift */ = {isa = PBXFileReference; lastKnownFileType = sourcecode.swift; path = ProjectBrowserView.swift; sourceTree = "<group>"; };
		BBCD29B7376AE1A9E8697FED /* ProjectMarkdownRenderer.swift */ = {isa = PBXFileReference; lastKnownFileType = sourcecode.swift; path = ProjectMarkdownRenderer.swift; sourceTree = "<group>"; };
		BD6C5362404550D20169DF16 /* AudioFileValidatorTests.swift */ = {isa = PBXFileReference; lastKnownFileType = sourcecode.swift; path = AudioFileValidatorTests.swift; sourceTree = "<group>"; };
		C15E9739F09845C354FF3E20 /* SpeakerConfirmationDisplayTests.swift */ = {isa = PBXFileReference; lastKnownFileType = sourcecode.swift; path = SpeakerConfirmationDisplayTests.swift; sourceTree = "<group>"; };
		C4438BA40DDE8667432DFE21 /* OpenAIResponsesDTO.swift */ = {isa = PBXFileReference; lastKnownFileType = sourcecode.swift; path = OpenAIResponsesDTO.swift; sourceTree = "<group>"; };
		C4ACFC426D6659B2CB8D469A /* MicrophoneRecordingIntegrationTests.swift */ = {isa = PBXFileReference; lastKnownFileType = sourcecode.swift; path = MicrophoneRecordingIntegrationTests.swift; sourceTree = "<group>"; };
		C61C950D3592DF04190327B0 /* HAENA.app */ = {isa = PBXFileReference; explicitFileType = wrapper.application; includeInIndex = 0; path = HAENA.app; sourceTree = BUILT_PRODUCTS_DIR; };
		C733D895F1DEBF6ABB24848F /* ProjectExportFilename.swift */ = {isa = PBXFileReference; lastKnownFileType = sourcecode.swift; path = ProjectExportFilename.swift; sourceTree = "<group>"; };
		C7484D83C5A92B8EE189C5F6 /* MeetingWorkStateSummary.swift */ = {isa = PBXFileReference; lastKnownFileType = sourcecode.swift; path = MeetingWorkStateSummary.swift; sourceTree = "<group>"; };
		C8DC805BD3C19ACF07242CA0 /* PendingAIProposalPolicyTests.swift */ = {isa = PBXFileReference; lastKnownFileType = sourcecode.swift; path = PendingAIProposalPolicyTests.swift; sourceTree = "<group>"; };
		CA6FC4E6C0E15AF4CD14DD51 /* TextMeetingCaptureService.swift */ = {isa = PBXFileReference; lastKnownFileType = sourcecode.swift; path = TextMeetingCaptureService.swift; sourceTree = "<group>"; };
		CCB030E872DA4146351D7778 /* ProjectModelTests.swift */ = {isa = PBXFileReference; lastKnownFileType = sourcecode.swift; path = ProjectModelTests.swift; sourceTree = "<group>"; };
		CCEA36E048E3E1562A504968 /* Confidence.swift */ = {isa = PBXFileReference; lastKnownFileType = sourcecode.swift; path = Confidence.swift; sourceTree = "<group>"; };
		D1EAC0D602C3672018722218 /* TestFixtures.swift */ = {isa = PBXFileReference; lastKnownFileType = sourcecode.swift; path = TestFixtures.swift; sourceTree = "<group>"; };
		D3A482648CEE8475A8061C99 /* ProjectDeletionServiceTests.swift */ = {isa = PBXFileReference; lastKnownFileType = sourcecode.swift; path = ProjectDeletionServiceTests.swift; sourceTree = "<group>"; };
		D3F49479E00861B8F617C414 /* DeterministicMeetingAudioPlayer.swift */ = {isa = PBXFileReference; lastKnownFileType = sourcecode.swift; path = DeterministicMeetingAudioPlayer.swift; sourceTree = "<group>"; };
		D4A086222030CFF5C4DC2383 /* WorkStateReviewView.swift */ = {isa = PBXFileReference; lastKnownFileType = sourcecode.swift; path = WorkStateReviewView.swift; sourceTree = "<group>"; };
		D750C1E045F89B05DB36915E /* KeychainAPICredentialStore.swift */ = {isa = PBXFileReference; lastKnownFileType = sourcecode.swift; path = KeychainAPICredentialStore.swift; sourceTree = "<group>"; };
		DA73B2A756E714525EA53907 /* LocalUserProfileService.swift */ = {isa = PBXFileReference; lastKnownFileType = sourcecode.swift; path = LocalUserProfileService.swift; sourceTree = "<group>"; };
		DBA451479B21E3F9FF80C81E /* JSONRepositoryError.swift */ = {isa = PBXFileReference; lastKnownFileType = sourcecode.swift; path = JSONRepositoryError.swift; sourceTree = "<group>"; };
		DBE2C83409E0B59E724A19D7 /* LocalUserProfile.swift */ = {isa = PBXFileReference; lastKnownFileType = sourcecode.swift; path = LocalUserProfile.swift; sourceTree = "<group>"; };
		DBF1A27C76C11D3000F77463 /* ProjectBrowserQueryServiceTests.swift */ = {isa = PBXFileReference; lastKnownFileType = sourcecode.swift; path = ProjectBrowserQueryServiceTests.swift; sourceTree = "<group>"; };
		DFCBB3302A2C8A2E4FA5C2D9 /* JSONProjectRepository.swift */ = {isa = PBXFileReference; lastKnownFileType = sourcecode.swift; path = JSONProjectRepository.swift; sourceTree = "<group>"; };
		E056A9053BE18F89DBC35864 /* OpenQuestionAgendaTests.swift */ = {isa = PBXFileReference; lastKnownFileType = sourcecode.swift; path = OpenQuestionAgendaTests.swift; sourceTree = "<group>"; };
		E14F569133D323B4D76A703E /* ModelEquatableTests.swift */ = {isa = PBXFileReference; lastKnownFileType = sourcecode.swift; path = ModelEquatableTests.swift; sourceTree = "<group>"; };
		E1FDB482D7F7077F33D7D7DC /* MeetingAudioPlaybackModelTests.swift */ = {isa = PBXFileReference; lastKnownFileType = sourcecode.swift; path = MeetingAudioPlaybackModelTests.swift; sourceTree = "<group>"; };
		E235CA8AB7A6060685BF2ABD /* DeterministicWorkStateExtractor.swift */ = {isa = PBXFileReference; lastKnownFileType = sourcecode.swift; path = DeterministicWorkStateExtractor.swift; sourceTree = "<group>"; };
		E338507F05C991DA2AD4F415 /* ProjectBrowserIntegrationTests.swift */ = {isa = PBXFileReference; lastKnownFileType = sourcecode.swift; path = ProjectBrowserIntegrationTests.swift; sourceTree = "<group>"; };
		E648DAF2106FF4559DC0A618 /* MeetingDisplay.swift */ = {isa = PBXFileReference; lastKnownFileType = sourcecode.swift; path = MeetingDisplay.swift; sourceTree = "<group>"; };
		E76EE72A111839BB98DB4E8C /* JSONProjectRepositoryTests.swift */ = {isa = PBXFileReference; lastKnownFileType = sourcecode.swift; path = JSONProjectRepositoryTests.swift; sourceTree = "<group>"; };
		E87D0A086FEC403D92311F43 /* InMemoryProjectRepositoryTests.swift */ = {isa = PBXFileReference; lastKnownFileType = sourcecode.swift; path = InMemoryProjectRepositoryTests.swift; sourceTree = "<group>"; };
		EE061DCF66457F5AFBB4F4E7 /* DecisionActionItemTests.swift */ = {isa = PBXFileReference; lastKnownFileType = sourcecode.swift; path = DecisionActionItemTests.swift; sourceTree = "<group>"; };
		F0D144AA4ED59ECDB328F181 /* ProjectDeletionService.swift */ = {isa = PBXFileReference; lastKnownFileType = sourcecode.swift; path = ProjectDeletionService.swift; sourceTree = "<group>"; };
		F0FC923DDE8CCBBD36D4AF37 /* OpenAIWorkStateExtractionLiveTests.swift */ = {isa = PBXFileReference; lastKnownFileType = sourcecode.swift; path = OpenAIWorkStateExtractionLiveTests.swift; sourceTree = "<group>"; };
		F1307F4B449974B075F693DC /* ProjectExportBoundaryTests.swift */ = {isa = PBXFileReference; lastKnownFileType = sourcecode.swift; path = ProjectExportBoundaryTests.swift; sourceTree = "<group>"; };
		F21A75293E7B1BB6476D0170 /* AudioMeetingCaptureService.swift */ = {isa = PBXFileReference; lastKnownFileType = sourcecode.swift; path = AudioMeetingCaptureService.swift; sourceTree = "<group>"; };
		F306605013AC4B1D5E0E4072 /* WorkStateProposalMapper.swift */ = {isa = PBXFileReference; lastKnownFileType = sourcecode.swift; path = WorkStateProposalMapper.swift; sourceTree = "<group>"; };
		F3496D5F1FA7B99B8C2716FC /* Assets.xcassets */ = {isa = PBXFileReference; lastKnownFileType = folder.assetcatalog; path = Assets.xcassets; sourceTree = "<group>"; };
		F52AEC879E75673564D813EF /* Info.plist */ = {isa = PBXFileReference; lastKnownFileType = text.plist; path = Info.plist; sourceTree = "<group>"; };
		F5CD89530138E53562E76A7E /* AVFoundationMeetingAudioRecorder.swift */ = {isa = PBXFileReference; lastKnownFileType = sourcecode.swift; path = AVFoundationMeetingAudioRecorder.swift; sourceTree = "<group>"; };
		F5E56C6040569CAC87407DB2 /* TranscriptionTestDoubles.swift */ = {isa = PBXFileReference; lastKnownFileType = sourcecode.swift; path = TranscriptionTestDoubles.swift; sourceTree = "<group>"; };
		F663928FB630BC9FC15309B8 /* WorkStateDisplayTests.swift */ = {isa = PBXFileReference; lastKnownFileType = sourcecode.swift; path = WorkStateDisplayTests.swift; sourceTree = "<group>"; };
		F9147B0F790EC0D479AFBADF /* HAENAUITests.xctest */ = {isa = PBXFileReference; explicitFileType = wrapper.cfbundle; includeInIndex = 0; path = HAENAUITests.xctest; sourceTree = BUILT_PRODUCTS_DIR; };
		F959320BB8D7C9B3FC06EA6B /* AISettingsView.swift */ = {isa = PBXFileReference; lastKnownFileType = sourcecode.swift; path = AISettingsView.swift; sourceTree = "<group>"; };
		F9BDFDE38CC9B3B3737D8A6C /* MeetingAudioRecorderTests.swift */ = {isa = PBXFileReference; lastKnownFileType = sourcecode.swift; path = MeetingAudioRecorderTests.swift; sourceTree = "<group>"; };
		F9E74850DE2CD61F90B5A4F2 /* ActionItem.swift */ = {isa = PBXFileReference; lastKnownFileType = sourcecode.swift; path = ActionItem.swift; sourceTree = "<group>"; };
		FBD65C76CCEB1A72BB0841E1 /* ProjectStatusSummary.swift */ = {isa = PBXFileReference; lastKnownFileType = sourcecode.swift; path = ProjectStatusSummary.swift; sourceTree = "<group>"; };
		FF6511B46C1F1FA7087C14DC /* ImportAudioView.swift */ = {isa = PBXFileReference; lastKnownFileType = sourcecode.swift; path = ImportAudioView.swift; sourceTree = "<group>"; };
/* End PBXFileReference section */

/* Begin PBXGroup section */
		04B692EDE790176ED3EC7764 /* Credentials */ = {
			isa = PBXGroup;
			children = (
				A450E6EC66DF4AE85532FD09 /* APICredentialStore.swift */,
				D750C1E045F89B05DB36915E /* KeychainAPICredentialStore.swift */,
				5F3A46CB0FF6019A49752EDF /* OpenAICredentialResolver.swift */,
				A41195E1B8E5B24E0B044BF3 /* OpenAICredentialVerifier.swift */,
			);
			path = Credentials;
			sourceTree = "<group>";
		};
		25382D84943B95FEA85B249A /* Views */ = {
			isa = PBXGroup;
			children = (
				567385CA128CFC7EC315D269 /* ActionItemEditView.swift */,
				F959320BB8D7C9B3FC06EA6B /* AISettingsView.swift */,
				74D9499A468F156C67A08308 /* DeletionConfirmationView.swift */,
				4529E096652E7E31385184CF /* HomeView.swift */,
				FF6511B46C1F1FA7087C14DC /* ImportAudioView.swift */,
				ABBE69B098312C0AB4C2720D /* MeetingAudioPlayerView.swift */,
				26A318E8A89E44AB05032328 /* MeetingDetailView.swift */,
				81922DA880EB441A6CEAA4AA /* MeetingResultsView.swift */,
				A8245AFE23FFF2E11236B990 /* PasteTranscriptView.swift */,
				1FE3726ECEA1DDE935BC1085 /* ProfileSettingsView.swift */,
				B8BF08BD1B52F083C57F08D0 /* ProjectBrowserView.swift */,
				8491E5E67DEC49F1ED1766D3 /* ProjectDetailView.swift */,
				4A67D031C3E03903A57ED0FE /* ProjectStatusView.swift */,
				058F1A8F18EA79A4C0A95917 /* RecordAudioView.swift */,
				29D3434E2877328C0DB16E7E /* SpeakerConfirmationView.swift */,
				9FA323269A9328D416EF970D /* WorkStateProposalCard.swift */,
				D4A086222030CFF5C4DC2383 /* WorkStateReviewView.swift */,
			);
			path = Views;
			sourceTree = "<group>";
		};
		2F0527AD1F5D0225BFE64CA3 /* Recording */ = {
			isa = PBXGroup;
			children = (
				F5CD89530138E53562E76A7E /* AVFoundationMeetingAudioRecorder.swift */,
				AE799FC0529C4C8B0842BF53 /* DeterministicMeetingAudioRecorder.swift */,
				712206923FDE2D79F3971BF0 /* MeetingAudioRecorder.swift */,
				ACEE53E0CAE39A2200544C21 /* RecordingScratchStore.swift */,
			);
			path = Recording;
			sourceTree = "<group>";
		};
		3734728E818B595C5967FEDF /* HAENA */ = {
			isa = PBXGroup;
			children = (
				3E27AF6BC3EEE0120A317CAF /* AppInfo.swift */,
				F3496D5F1FA7B99B8C2716FC /* Assets.xcassets */,
				0B09EF44B431F4D44006E6B9 /* ContentView.swift */,
				9DAD85A4183B9BDFCAA2557C /* HAENA.entitlements */,
				4E3BF7D044C442EC779EC8CE /* HAENAApp.swift */,
				F52AEC879E75673564D813EF /* Info.plist */,
				04B692EDE790176ED3EC7764 /* Credentials */,
				BB6DCE9E08C9F1603EB72E04 /* Extraction */,
				A2EB2684C29DA5D44EBE495C /* Models */,
				FB5474B17A903CE58D21AF99 /* Persistence */,
				6EF99F9379B8CBC422A4B9DD /* Playback */,
				E5233A8CFBEE12802399B11F /* Presentation */,
				2F0527AD1F5D0225BFE64CA3 /* Recording */,
				625797A1E0910F3167FA753F /* Review */,
				C4C19A93BDD1CC61B10A1853 /* Services */,
				6296944F3A4E81091330D38B /* Transcription */,
				25382D84943B95FEA85B249A /* Views */,
			);
			path = HAENA;
			sourceTree = "<group>";
		};
		5F7FB40D5970746878B3F299 /* Products */ = {
			isa = PBXGroup;
			children = (
				C61C950D3592DF04190327B0 /* HAENA.app */,
				5A952952C0DBC2F839A48E28 /* HAENATests.xctest */,
				F9147B0F790EC0D479AFBADF /* HAENAUITests.xctest */,
			);
			name = Products;
			sourceTree = "<group>";
		};
		625797A1E0910F3167FA753F /* Review */ = {
			isa = PBXGroup;
			children = (
				65BCF799CAB4BB3B60C941F9 /* WorkStateReviewService.swift */,
			);
			path = Review;
			sourceTree = "<group>";
		};
		6296944F3A4E81091330D38B /* Transcription */ = {
			isa = PBXGroup;
			children = (
				23BD6FD0E67EF37CA92BE4BB /* AudioAssetStore.swift */,
				4E3BB045C21FAC44C75807B6 /* AudioFileValidator.swift */,
				4A80B035233E4471042FC6F8 /* DeterministicTranscriptionProvider.swift */,
				425F6F0A2791D7F754764AF3 /* Transcription.swift */,
				9ECF82FDC0CFFF9ABB6FA89B /* TranscriptSpeakerMapper.swift */,
				87AB903F6C41EA4697FA09D4 /* OpenAI */,
			);
			path = Transcription;
			sourceTree = "<group>";
		};
		6EF99F9379B8CBC422A4B9DD /* Playback */ = {
			isa = PBXGroup;
			children = (
				39F30D5BC17B5D4DF2D15069 /* AVFoundationMeetingAudioPlayer.swift */,
				D3F49479E00861B8F617C414 /* DeterministicMeetingAudioPlayer.swift */,
				99F71D1F4B0D759068EE4C70 /* MeetingAudioPlaybackModel.swift */,
				6CDB33BD66CCA35445C867DC /* MeetingAudioPlayer.swift */,
			);
			path = Playback;
			sourceTree = "<group>";
		};
		86EA415B3C76CBB17974D62D /* HAENATests */ = {
			isa = PBXGroup;
			children = (
				1A0714B640EB99A67E8AB0CD /* AudioAssetStoreTests.swift */,
				BD6C5362404550D20169DF16 /* AudioFileValidatorTests.swift */,
				3A0299F05C03D622C53F0E3E /* AudioImportIntegrationTests.swift */,
				90692F1E1BE409173A8BDEF4 /* AudioMeetingCaptureServiceTests.swift */,
				5F3AC0FF9D86F38E674AE2B7 /* ConfidenceTests.swift */,
				42CD04B98CDB8B3BF0EA8815 /* CredentialStoreTests.swift */,
				EE061DCF66457F5AFBB4F4E7 /* DecisionActionItemTests.swift */,
				ACA22BFF83576F34C80406AE /* ExtractionTestDoubles.swift */,
				6E5E3EA054185646F649AC65 /* HAENATests.swift */,
				49BCAD8CB35AF60E0813945E /* HomeSummaryTests.swift */,
				E87D0A086FEC403D92311F43 /* InMemoryProjectRepositoryTests.swift */,
				E76EE72A111839BB98DB4E8C /* JSONProjectRepositoryTests.swift */,
				03A19AFF38B35D149A6F74A5 /* LocalUserProfileTests.swift */,
				53401A2FC3AD8DA1D8884DC9 /* MeetingAudioPlaybackBoundaryTests.swift */,
				E1FDB482D7F7077F33D7D7DC /* MeetingAudioPlaybackModelTests.swift */,
				F9BDFDE38CC9B3B3737D8A6C /* MeetingAudioRecorderTests.swift */,
				34ACF1C978BEDBEDCBFAC7AA /* MeetingModelTests.swift */,
				263AC5D8CCE49C1914B46EC2 /* MeetingResultFixtures.swift */,
				993C82082BC6B71BDEE0976F /* MeetingResultsIntegrationTests.swift */,
				14DBF097D5D5FF93F3693908 /* MeetingTranscriptExportBoundaryTests.swift */,
				9BD2D9692BE86A6FF26BE9D5 /* MeetingTranscriptMarkdownRendererTests.swift */,
				2E3EA2C31B1B017184B67B4F /* MeetingWorkStateSummaryTests.swift */,
				C4ACFC426D6659B2CB8D469A /* MicrophoneRecordingIntegrationTests.swift */,
				E14F569133D323B4D76A703E /* ModelEquatableTests.swift */,
				2E304C326D883532664541B0 /* MyWorkTests.swift */,
				A7F1B19B7FC70222D55D617A /* OpenAITranscriptionLiveTests.swift */,
				1B8613354554E116D747964C /* OpenAITranscriptionProviderTests.swift */,
				F0FC923DDE8CCBBD36D4AF37 /* OpenAIWorkStateExtractionLiveTests.swift */,
				B007E7CF934A780CA321E8E0 /* OpenAIWorkStateExtractorTests.swift */,
				E056A9053BE18F89DBC35864 /* OpenQuestionAgendaTests.swift */,
				C8DC805BD3C19ACF07242CA0 /* PendingAIProposalPolicyTests.swift */,
				0BF0EB15856555142F021913 /* PresentationFormattingTests.swift */,
				E338507F05C991DA2AD4F415 /* ProjectBrowserIntegrationTests.swift */,
				DBF1A27C76C11D3000F77463 /* ProjectBrowserQueryServiceTests.swift */,
				88553966A026A10267C09C62 /* ProjectDeletionIntegrationTests.swift */,
				D3A482648CEE8475A8061C99 /* ProjectDeletionServiceTests.swift */,
				F1307F4B449974B075F693DC /* ProjectExportBoundaryTests.swift */,
				1B0A15DBDE0BF72D084A105A /* ProjectMarkdownRendererTests.swift */,
				CCB030E872DA4146351D7778 /* ProjectModelTests.swift */,
				86071B9E0DFF50654C8A2CE7 /* ProjectStatusSummaryTests.swift */,
				84CD28F24A0FF4CDEE68AEBC /* ReviewFixtures.swift */,
				C15E9739F09845C354FF3E20 /* SpeakerConfirmationDisplayTests.swift */,
				48D552D079796527B2EF590E /* SpeakerConfirmationServiceTests.swift */,
				D1EAC0D602C3672018722218 /* TestFixtures.swift */,
				6B92E95ABB3ACE8E9451AB25 /* TextMeetingCaptureServiceTests.swift */,
				F5E56C6040569CAC87407DB2 /* TranscriptionTestDoubles.swift */,
				F663928FB630BC9FC15309B8 /* WorkStateDisplayTests.swift */,
				833110D4A29E8D1F6346DB90 /* WorkStateExtractionServiceTests.swift */,
				429DFFBB39F5375FCF2CBEE0 /* WorkStateInboxTests.swift */,
				15168560EF53C8EA5FA3510C /* WorkStateProposalMapperTests.swift */,
				8D910C59D3F033383FB986C9 /* WorkStateReviewServiceTests.swift */,
			);
			path = HAENATests;
			sourceTree = "<group>";
		};
		87A3C65A5F9E7CB3B046E364 /* HAENAUITests */ = {
			isa = PBXGroup;
			children = (
				065223BAE41C8AEF1B683FCD /* HAENAUITests.swift */,
				0BAB9FB0BCD3553973DEC991 /* PasteTranscriptUITests.swift */,
				6C608D2AFCF2375D520754B2 /* ProjectBrowserUITests.swift */,
				2FE0B1E91DA382EBBBA126F5 /* ProjectDeletionUITests.swift */,
			);
			path = HAENAUITests;
			sourceTree = "<group>";
		};
		87AB903F6C41EA4697FA09D4 /* OpenAI */ = {
			isa = PBXGroup;
			children = (
				4199678168668DB389D140EA /* MultipartFormData.swift */,
				AE02863E20074EBE48CA2854 /* OpenAITranscriptionDTO.swift */,
				8882B0B2DF7DCE6CBEF3208C /* OpenAITranscriptionProvider.swift */,
			);
			path = OpenAI;
			sourceTree = "<group>";
		};
		88BB9B97B620837B199FF29B = {
			isa = PBXGroup;
			children = (
				3734728E818B595C5967FEDF /* HAENA */,
				86EA415B3C76CBB17974D62D /* HAENATests */,
				87A3C65A5F9E7CB3B046E364 /* HAENAUITests */,
				5F7FB40D5970746878B3F299 /* Products */,
			);
			sourceTree = "<group>";
		};
		A2EB2684C29DA5D44EBE495C /* Models */ = {
			isa = PBXGroup;
			children = (
				F9E74850DE2CD61F90B5A4F2 /* ActionItem.swift */,
				524A8C52737AFBD63CB02D3B /* AgendaItem.swift */,
				2F7DDDE17EB6C65B48F5564C /* AudioAsset.swift */,
				CCEA36E048E3E1562A504968 /* Confidence.swift */,
				89F58341826CA4B29DA56136 /* Decision.swift */,
				9AAC7E87F39DD0690F9FCACC /* EvidenceReference.swift */,
				DBE2C83409E0B59E724A19D7 /* LocalUserProfile.swift */,
				7BBFD2AE326C7CF9AAA8C3FE /* Meeting.swift */,
				586B35153C1DEC11ED99277B /* OpenQuestion.swift */,
				094803E680DAF312ED016D13 /* Participant.swift */,
				30DBEB5FFB41F6BD675CF8D4 /* PendingAIProposalPolicy.swift */,
				56952421557CED7EF65F86BC /* Project.swift */,
				6604623FF79560E50BB0D5F3 /* SpeakerResolution.swift */,
				92971D2FD866A033476B8A39 /* TranscriptSegment.swift */,
			);
			path = Models;
			sourceTree = "<group>";
		};
		BB6DCE9E08C9F1603EB72E04 /* Extraction */ = {
			isa = PBXGroup;
			children = (
				E235CA8AB7A6060685BF2ABD /* DeterministicWorkStateExtractor.swift */,
				38C719BF60E178CFE55EE0B3 /* ModelProvider.swift */,
				9697FF19A061081BD838EB3B /* WorkStateExtraction.swift */,
				28DA8A936278C0C49ACA78F6 /* WorkStateExtractionService.swift */,
				F306605013AC4B1D5E0E4072 /* WorkStateProposalMapper.swift */,
				F7EDF1341E43D384AADA9CB0 /* OpenAI */,
			);
			path = Extraction;
			sourceTree = "<group>";
		};
		C4C19A93BDD1CC61B10A1853 /* Services */ = {
			isa = PBXGroup;
			children = (
				F21A75293E7B1BB6476D0170 /* AudioMeetingCaptureService.swift */,
				DA73B2A756E714525EA53907 /* LocalUserProfileService.swift */,
				77B7C33FAB52DF62460E1F6E /* MarkdownFileExporter.swift */,
				86E33B9A726B7212936CB347 /* PasteboardWriter.swift */,
				703FE5FA937C66BC72F34B7A /* ProjectBrowserQueryService.swift */,
				F0D144AA4ED59ECDB328F181 /* ProjectDeletionService.swift */,
				965FC05F00CEABB2F26A9F2F /* SpeakerConfirmationService.swift */,
				CA6FC4E6C0E15AF4CD14DD51 /* TextMeetingCaptureService.swift */,
			);
			path = Services;
			sourceTree = "<group>";
		};
		E5233A8CFBEE12802399B11F /* Presentation */ = {
			isa = PBXGroup;
			children = (
				386459D8A9ACB48FFB7E9351 /* HomeSummary.swift */,
				33589F0AE04325580C2EA066 /* MarkdownExportData.swift */,
				05B35283C3C236D21899AAFE /* MeetingDateFormatter.swift */,
				E648DAF2106FF4559DC0A618 /* MeetingDisplay.swift */,
				5DBC1B05E1451053F0AA8826 /* MeetingTranscriptMarkdownRenderer.swift */,
				C7484D83C5A92B8EE189C5F6 /* MeetingWorkStateSummary.swift */,
				72EE6DCA6B6110958CAAD160 /* MyWorkPolicy.swift */,
				5473FDC64E299CA779655230 /* ParticipantDirectory.swift */,
				C733D895F1DEBF6ABB24848F /* ProjectExportFilename.swift */,
				BBCD29B7376AE1A9E8697FED /* ProjectMarkdownRenderer.swift */,
				FBD65C76CCEB1A72BB0841E1 /* ProjectStatusSummary.swift */,
				50F1578475F964354E38636B /* TranscriptTimestampFormatter.swift */,
				6D45E283537770C81AB5CEA3 /* WorkStateDisplay.swift */,
				140065D09E7BFEC5C3A7D2EC /* WorkStateInbox.swift */,
			);
			path = Presentation;
			sourceTree = "<group>";
		};
		F7EDF1341E43D384AADA9CB0 /* OpenAI */ = {
			isa = PBXGroup;
			children = (
				16129C12D2A92EBE3B37BC89 /* HTTPTransport.swift */,
				3B1FC2B0C8387160678C5E7A /* JSONValue.swift */,
				2FF844D7B879F96D7D6854A7 /* OpenAIConfiguration.swift */,
				1DEFA1B6D2768D938E792A6B /* OpenAIExtractionSchema.swift */,
				C4438BA40DDE8667432DFE21 /* OpenAIResponsesDTO.swift */,
				A1525F7C0438C21EBBC1D8F7 /* OpenAIWorkStateExtractor.swift */,
			);
			path = OpenAI;
			sourceTree = "<group>";
		};
		FB5474B17A903CE58D21AF99 /* Persistence */ = {
			isa = PBXGroup;
			children = (
				7E87DE77DB75B8A0157AF5C2 /* InMemoryProjectRepository.swift */,
				DFCBB3302A2C8A2E4FA5C2D9 /* JSONProjectRepository.swift */,
				DBA451479B21E3F9FF80C81E /* JSONRepositoryError.swift */,
				2CE21C0942C057C358D5BCB5 /* LocalUserProfileRepository.swift */,
				44D663392DA5F61D2339878F /* ProjectRepository.swift */,
				6BA19CD9B38591AD7C56D936 /* ProjectStoreFile.swift */,
			);
			path = Persistence;
			sourceTree = "<group>";
		};
/* End PBXGroup section */

/* Begin PBXNativeTarget section */
		48FA2853E38C02266A2B3420 /* HAENAUITests */ = {
			isa = PBXNativeTarget;
			buildConfigurationList = CBA788D932D79A980482C80B /* Build configuration list for PBXNativeTarget "HAENAUITests" */;
			buildPhases = (
				2D62A14831BE263A75CE620A /* Sources */,
			);
			buildRules = (
			);
			dependencies = (
				AAAF226C964DA57E0BF1D732 /* PBXTargetDependency */,
			);
			name = HAENAUITests;
			packageProductDependencies = (
			);
			productName = HAENAUITests;
			productReference = F9147B0F790EC0D479AFBADF /* HAENAUITests.xctest */;
			productType = "com.apple.product-type.bundle.ui-testing";
		};
		6CA1AA31F2BDF9EB2F1DCEF1 /* HAENA */ = {
			isa = PBXNativeTarget;
			buildConfigurationList = F891D0836066741D285869C5 /* Build configuration list for PBXNativeTarget "HAENA" */;
			buildPhases = (
				D66ED2890803FE92103130AB /* Sources */,
				AD514FE01E9249EC9F542B18 /* Resources */,
			);
			buildRules = (
			);
			dependencies = (
			);
			name = HAENA;
			packageProductDependencies = (
			);
			productName = HAENA;
			productReference = C61C950D3592DF04190327B0 /* HAENA.app */;
			productType = "com.apple.product-type.application";
		};
		D15CF6C28DB6C8C5690B5BF9 /* HAENATests */ = {
			isa = PBXNativeTarget;
			buildConfigurationList = 728C76D624ADB9B7390BF220 /* Build configuration list for PBXNativeTarget "HAENATests" */;
			buildPhases = (
				6E2665539D8B3A4E87719178 /* Sources */,
			);
			buildRules = (
			);
			dependencies = (
				E770615DEB8B3422EFD1BB31 /* PBXTargetDependency */,
			);
			name = HAENATests;
			packageProductDependencies = (
			);
			productName = HAENATests;
			productReference = 5A952952C0DBC2F839A48E28 /* HAENATests.xctest */;
			productType = "com.apple.product-type.bundle.unit-test";
		};
/* End PBXNativeTarget section */

/* Begin PBXProject section */
		A205A76F003310DCC2D83829 /* Project object */ = {
			isa = PBXProject;
			attributes = {
				BuildIndependentTargetsInParallel = YES;
				LastUpgradeCheck = 1430;
				TargetAttributes = {
					48FA2853E38C02266A2B3420 = {
						DevelopmentTeam = "";
						ProvisioningStyle = Manual;
						TestTargetID = 6CA1AA31F2BDF9EB2F1DCEF1;
					};
					6CA1AA31F2BDF9EB2F1DCEF1 = {
						DevelopmentTeam = "";
						ProvisioningStyle = Manual;
					};
					D15CF6C28DB6C8C5690B5BF9 = {
						DevelopmentTeam = "";
						ProvisioningStyle = Manual;
					};
				};
			};
			buildConfigurationList = 9264586B47E3668394D455B6 /* Build configuration list for PBXProject "HAENA" */;
			developmentRegion = en;
			hasScannedForEncodings = 0;
			knownRegions = (
				Base,
				en,
			);
			mainGroup = 88BB9B97B620837B199FF29B;
			minimizedProjectReferenceProxies = 1;
			preferredProjectObjectVersion = 77;
			productRefGroup = 5F7FB40D5970746878B3F299 /* Products */;
			projectDirPath = "";
			projectRoot = "";
			targets = (
				6CA1AA31F2BDF9EB2F1DCEF1 /* HAENA */,
				D15CF6C28DB6C8C5690B5BF9 /* HAENATests */,
				48FA2853E38C02266A2B3420 /* HAENAUITests */,
			);
		};
/* End PBXProject section */

/* Begin PBXResourcesBuildPhase section */
		AD514FE01E9249EC9F542B18 /* Resources */ = {
			isa = PBXResourcesBuildPhase;
			buildActionMask = 2147483647;
			files = (
				671A2C7A89052B6B4596C779 /* Assets.xcassets in Resources */,
			);
			runOnlyForDeploymentPostprocessing = 0;
		};
/* End PBXResourcesBuildPhase section */

/* Begin PBXSourcesBuildPhase section */
		2D62A14831BE263A75CE620A /* Sources */ = {
			isa = PBXSourcesBuildPhase;
			buildActionMask = 2147483647;
			files = (
				FA19DFD9B21C6F9461F68086 /* HAENAUITests.swift in Sources */,
				8CD5AC65F1111D418187B99A /* PasteTranscriptUITests.swift in Sources */,
				2BDACCE9234C0A432DD7C8E3 /* ProjectBrowserUITests.swift in Sources */,
				215919165E730A9714D47CBB /* ProjectDeletionUITests.swift in Sources */,
			);
			runOnlyForDeploymentPostprocessing = 0;
		};
		6E2665539D8B3A4E87719178 /* Sources */ = {
			isa = PBXSourcesBuildPhase;
			buildActionMask = 2147483647;
			files = (
				994CE30B2C2936ACCCCC713C /* AudioAssetStoreTests.swift in Sources */,
				830767CBDCF70F68F6E2A5DA /* AudioFileValidatorTests.swift in Sources */,
				5719A619D6C4D0308BD61217 /* AudioImportIntegrationTests.swift in Sources */,
				48595C4775D2703F7B43735E /* AudioMeetingCaptureServiceTests.swift in Sources */,
				887D02C972996DAE73F34A7B /* ConfidenceTests.swift in Sources */,
				816C7F91E1031FC92EF878E7 /* CredentialStoreTests.swift in Sources */,
				54B01D2FCF5DB58F0778242F /* DecisionActionItemTests.swift in Sources */,
				A99E434EC9AD2C3925D3DB3E /* ExtractionTestDoubles.swift in Sources */,
				DE34566921332DC5F9B65B5A /* HAENATests.swift in Sources */,
				980AE4226C84FF4995D6264D /* HomeSummaryTests.swift in Sources */,
				0B44FC3AE440B3F72EDD3321 /* InMemoryProjectRepositoryTests.swift in Sources */,
				003386E8A06F65C9F120D9E9 /* JSONProjectRepositoryTests.swift in Sources */,
				6D66264A6EBA64BC23203D7B /* LocalUserProfileTests.swift in Sources */,
				D3E9CE7194FB5E79B203A276 /* MeetingAudioPlaybackBoundaryTests.swift in Sources */,
				AEA791BF0F844B233FBB3A52 /* MeetingAudioPlaybackModelTests.swift in Sources */,
				E29F9808B0C5AFF726FD5F48 /* MeetingAudioRecorderTests.swift in Sources */,
				56B6B71C8385A69C17ABCA2B /* MeetingModelTests.swift in Sources */,
				402B7F8ABFEE20890A619877 /* MeetingResultFixtures.swift in Sources */,
				F6B2D59836584AAC3BAE5B8C /* MeetingResultsIntegrationTests.swift in Sources */,
				A9FCFE3D096DDB27EDBF5AEF /* MeetingTranscriptExportBoundaryTests.swift in Sources */,
				C9AC237371B7E84693856B11 /* MeetingTranscriptMarkdownRendererTests.swift in Sources */,
				D3A78E6F18FFD4087A04ABAD /* MeetingWorkStateSummaryTests.swift in Sources */,
				FF5B83E17262DA3C64A1DC4B /* MicrophoneRecordingIntegrationTests.swift in Sources */,
				D81B9BA4BF8509C0F03968B0 /* ModelEquatableTests.swift in Sources */,
				FE8320C16F6BAC59D3FD4F72 /* MyWorkTests.swift in Sources */,
				5EAD8AC89A2D62E3FDD3704A /* OpenAITranscriptionLiveTests.swift in Sources */,
				732740E81DAB3E84DB089229 /* OpenAITranscriptionProviderTests.swift in Sources */,
				B6A3A32C80AC955951E8476F /* OpenAIWorkStateExtractionLiveTests.swift in Sources */,
				7144156C68BDCF9F0AB766D4 /* OpenAIWorkStateExtractorTests.swift in Sources */,
				464A006474FFA302F5855C96 /* OpenQuestionAgendaTests.swift in Sources */,
				07FD7786FFA580F2C610CD88 /* PendingAIProposalPolicyTests.swift in Sources */,
				36D512DE82EA45C4D9311F75 /* PresentationFormattingTests.swift in Sources */,
				C38680C99ED8577F08A60CD2 /* ProjectBrowserIntegrationTests.swift in Sources */,
				6850C05E7FB18393AAC21F75 /* ProjectBrowserQueryServiceTests.swift in Sources */,
				64C82C64E23B370FBF13B138 /* ProjectDeletionIntegrationTests.swift in Sources */,
				52270342C2233739ECD169EC /* ProjectDeletionServiceTests.swift in Sources */,
				6A819FF8B7DB4DFCE412E1E7 /* ProjectExportBoundaryTests.swift in Sources */,
				40FC73E24538C098BF2BD7C5 /* ProjectMarkdownRendererTests.swift in Sources */,
				BBBA7F289271932AEF87E89C /* ProjectModelTests.swift in Sources */,
				F9EAC4067FF358E77A9A5E31 /* ProjectStatusSummaryTests.swift in Sources */,
				7A6B4EDAF609EF12FB29E47F /* ReviewFixtures.swift in Sources */,
				54AB9BD4592C425B9447B0D8 /* SpeakerConfirmationDisplayTests.swift in Sources */,
				0EB04D01DEA59EB6BEFF6847 /* SpeakerConfirmationServiceTests.swift in Sources */,
				B661AD6232302BEF96289F30 /* TestFixtures.swift in Sources */,
				689B36CA74E8E68D902578A5 /* TextMeetingCaptureServiceTests.swift in Sources */,
				6A870CA2FEB31CC79615E760 /* TranscriptionTestDoubles.swift in Sources */,
				2DC097C01DA52F61DCFCBCCD /* WorkStateDisplayTests.swift in Sources */,
				144383B6323940284FE0AD20 /* WorkStateExtractionServiceTests.swift in Sources */,
				7D406604A9C8843E6CAA37DA /* WorkStateInboxTests.swift in Sources */,
				A71818AE46EDF57D9FB9A8FF /* WorkStateProposalMapperTests.swift in Sources */,
				EEC2F6AFBA698A99C72F2381 /* WorkStateReviewServiceTests.swift in Sources */,
			);
			runOnlyForDeploymentPostprocessing = 0;
		};
		D66ED2890803FE92103130AB /* Sources */ = {
			isa = PBXSourcesBuildPhase;
			buildActionMask = 2147483647;
			files = (
				E4EDD3F66F919712B5D055F3 /* AISettingsView.swift in Sources */,
				644FF54D1B8E2AD278FB7908 /* APICredentialStore.swift in Sources */,
				CD2322C8E6E31425B41F78CD /* AVFoundationMeetingAudioPlayer.swift in Sources */,
				C94B81CB09AE781C05E4079F /* AVFoundationMeetingAudioRecorder.swift in Sources */,
				528460D9D374E85118706BA3 /* ActionItem.swift in Sources */,
				242F445AAAFF09B7C5E0038D /* ActionItemEditView.swift in Sources */,
				2D2DFDFD27923AA07E8FD545 /* AgendaItem.swift in Sources */,
				76255D5DB6B9620BD1470F72 /* AppInfo.swift in Sources */,
				98FD9510A3E0B3B2D23607C1 /* AudioAsset.swift in Sources */,
				4F1C4EEC419196B643A22EDA /* AudioAssetStore.swift in Sources */,
				44EDB731988270B19D6C2BE0 /* AudioFileValidator.swift in Sources */,
				8CB52D178FBFF01993D1FF54 /* AudioMeetingCaptureService.swift in Sources */,
				A30E189ECDC4A7397CD5AF9D /* Confidence.swift in Sources */,
				D89C3C89DC08E20D3009C341 /* ContentView.swift in Sources */,
				6E2DAB8AB4F945E85C1FCFF1 /* Decision.swift in Sources */,
				711480878F614697A1C358A7 /* DeletionConfirmationView.swift in Sources */,
				ED3ACCB328789D24DE92B315 /* DeterministicMeetingAudioPlayer.swift in Sources */,
				19637876BE997E39AA4F9AFF /* DeterministicMeetingAudioRecorder.swift in Sources */,
				FE3DCFA308D930BB7BDA541F /* DeterministicTranscriptionProvider.swift in Sources */,
				6612A9E67C516BA0459BEAED /* DeterministicWorkStateExtractor.swift in Sources */,
				D5EFEC1663327623F5E0871A /* EvidenceReference.swift in Sources */,
				3BC74E5C6371A16B1BE2F216 /* HAENAApp.swift in Sources */,
				4F34E1483A7ED1CC786CBFE2 /* HTTPTransport.swift in Sources */,
				0B410ACE996570B683C215E0 /* HomeSummary.swift in Sources */,
				920FDE2BA770BCE751BA434B /* HomeView.swift in Sources */,
				50990DDADA35D9D55E48679A /* ImportAudioView.swift in Sources */,
				F9C209AE1CAF67621158ED55 /* InMemoryProjectRepository.swift in Sources */,
				834F87A588641B4497DE2409 /* JSONProjectRepository.swift in Sources */,
				9F12EED0DDC51564B6DA9550 /* JSONRepositoryError.swift in Sources */,
				5843604934AB7ADF62B02C46 /* JSONValue.swift in Sources */,
				D397457B6A5AA301FD91288E /* KeychainAPICredentialStore.swift in Sources */,
				654E11F14B17A6E90E0A9A05 /* LocalUserProfile.swift in Sources */,
				C2889F18AB25B7A27B24ABEA /* LocalUserProfileRepository.swift in Sources */,
				145C1A39B9462478E09317A7 /* LocalUserProfileService.swift in Sources */,
				75BEFFCBFD0D3AE295544E56 /* MarkdownExportData.swift in Sources */,
				11AE9D27F658F74D7AE5B153 /* MarkdownFileExporter.swift in Sources */,
				E7610CDC32E986F7523BED7F /* Meeting.swift in Sources */,
				28BF811780E43CD29EB9CD6E /* MeetingAudioPlaybackModel.swift in Sources */,
				BCE1A2292C871721DB95CD79 /* MeetingAudioPlayer.swift in Sources */,
				B98D6DFF142E51DC197DA124 /* MeetingAudioPlayerView.swift in Sources */,
				952A05683A0B30981669AD6F /* MeetingAudioRecorder.swift in Sources */,
				3BF85FA1E9AAF97CB5C51E0F /* MeetingDateFormatter.swift in Sources */,
				87826F594D2B73ECB91980E2 /* MeetingDetailView.swift in Sources */,
				E218FC9790B9751E46BDFAF3 /* MeetingDisplay.swift in Sources */,
				2AF84413F61D602A9079091F /* MeetingResultsView.swift in Sources */,
				B3CB49FF56112015023DF8FE /* MeetingTranscriptMarkdownRenderer.swift in Sources */,
				DDF0CE92F6059BE86A2353BE /* MeetingWorkStateSummary.swift in Sources */,
				373401D6DC2A1B7F15BEA633 /* ModelProvider.swift in Sources */,
				8FEEB12EE3E7D2BBB037090E /* MultipartFormData.swift in Sources */,
				E4234CAA3ABF5B8C6A6F8019 /* MyWorkPolicy.swift in Sources */,
				B357787453E7CC91AA2C9F88 /* OpenAIConfiguration.swift in Sources */,
				30628CC750F846105F8EED03 /* OpenAICredentialResolver.swift in Sources */,
				91516789931D637226EE6ABD /* OpenAICredentialVerifier.swift in Sources */,
				B45857945AFFCF585A768947 /* OpenAIExtractionSchema.swift in Sources */,
				3A384C3266FEEA2153B439D1 /* OpenAIResponsesDTO.swift in Sources */,
				C3971FFCE3FE9C2E73FFD3BD /* OpenAITranscriptionDTO.swift in Sources */,
				A434B7B382B5D483EC18378B /* OpenAITranscriptionProvider.swift in Sources */,
				52EA8BD5BD55B1DE341AD7AC /* OpenAIWorkStateExtractor.swift in Sources */,
				BC2C8F4D4151108DCFC895E1 /* OpenQuestion.swift in Sources */,
				27700C96D1F1CBDC1648C70A /* Participant.swift in Sources */,
				B0300427B7E9E17C83937C35 /* ParticipantDirectory.swift in Sources */,
				6A7984D5D60543EF69C2B996 /* PasteTranscriptView.swift in Sources */,
				ED88D95E0379418D6D77DB45 /* PasteboardWriter.swift in Sources */,
				D85E72BEA0E7CE2EEA0C7D8B /* PendingAIProposalPolicy.swift in Sources */,
				9E139554DD3A49A7608EDE38 /* ProfileSettingsView.swift in Sources */,
				367C2D508135610F1FFA28EF /* Project.swift in Sources */,
				C64FD223C5AB8AF30CCE36FD /* ProjectBrowserQueryService.swift in Sources */,
				8F1612B550660725F47F3AA4 /* ProjectBrowserView.swift in Sources */,
				B72970AF9382570451116A22 /* ProjectDeletionService.swift in Sources */,
				D352A6F6C2012C0F069C9770 /* ProjectDetailView.swift in Sources */,
				38EC1D1988FEC6E3E234957F /* ProjectExportFilename.swift in Sources */,
				FCDFAD5ABB00CD7F7150D480 /* ProjectMarkdownRenderer.swift in Sources */,
				EE0EC039EFF85D5B114AB654 /* ProjectRepository.swift in Sources */,
				9845F653A35CA4732CA56B40 /* ProjectStatusSummary.swift in Sources */,
				FD1E7A685227753A3CB07CF9 /* ProjectStatusView.swift in Sources */,
				58EC56EB4F8A6C23C8BFF2C1 /* ProjectStoreFile.swift in Sources */,
				0F3B939737479622E4D565FE /* RecordAudioView.swift in Sources */,
				4C12F1F05F55A1469F9B9D41 /* RecordingScratchStore.swift in Sources */,
				0361949D906479C10CAD96D3 /* SpeakerConfirmationService.swift in Sources */,
				C1E2129D73BCDB3134BC8F68 /* SpeakerConfirmationView.swift in Sources */,
				0803153F5EE3CDC981DDE8EB /* SpeakerResolution.swift in Sources */,
				20CC3C0FAFAD3DEB09F9DEAD /* TextMeetingCaptureService.swift in Sources */,
				2128F42E60BDBD7E28B47D5F /* TranscriptSegment.swift in Sources */,
				7BD25C11C2A86C090E846DAA /* TranscriptSpeakerMapper.swift in Sources */,
				4F2AABD03386F4B97BFE216B /* TranscriptTimestampFormatter.swift in Sources */,
				49CDB731811895B1842BDF39 /* Transcription.swift in Sources */,
				F77881B2939E5BC4DB06CF59 /* WorkStateDisplay.swift in Sources */,
				0990F80DCC696D33D98C96F7 /* WorkStateExtraction.swift in Sources */,
				B1A53153B2F97144E1C20171 /* WorkStateExtractionService.swift in Sources */,
				0FC1BF17338615D44869193B /* WorkStateInbox.swift in Sources */,
				ACFD3183D0BDF0FC1F22ED50 /* WorkStateProposalCard.swift in Sources */,
				BC5747EBF42BE905F6CF575A /* WorkStateProposalMapper.swift in Sources */,
				932D0B3B81CBEE6D2DB2317F /* WorkStateReviewService.swift in Sources */,
				4F1412958629DBD629FE168F /* WorkStateReviewView.swift in Sources */,
			);
			runOnlyForDeploymentPostprocessing = 0;
		};
/* End PBXSourcesBuildPhase section */

/* Begin PBXTargetDependency section */
		AAAF226C964DA57E0BF1D732 /* PBXTargetDependency */ = {
			isa = PBXTargetDependency;
			target = 6CA1AA31F2BDF9EB2F1DCEF1 /* HAENA */;
			targetProxy = 2A7676E7BBC552C1CF9B726C /* PBXContainerItemProxy */;
		};
		E770615DEB8B3422EFD1BB31 /* PBXTargetDependency */ = {
			isa = PBXTargetDependency;
			target = 6CA1AA31F2BDF9EB2F1DCEF1 /* HAENA */;
			targetProxy = 818D36C5F8499113E42FE7D4 /* PBXContainerItemProxy */;
		};
/* End PBXTargetDependency section */

/* Begin XCBuildConfiguration section */
		4427A7E7E915B51D8DF01BAB /* Release */ = {
			isa = XCBuildConfiguration;
			buildSettings = {
				GENERATE_INFOPLIST_FILE = YES;
				PRODUCT_BUNDLE_IDENTIFIER = com.haena.HAENAUITests;
				PRODUCT_NAME = HAENAUITests;
				TEST_TARGET_NAME = HAENA;
			};
			name = Release;
		};
		9EACAC00135BE18CEAAF3E20 /* Debug */ = {
			isa = XCBuildConfiguration;
			buildSettings = {
				BUNDLE_LOADER = "$(TEST_HOST)";
				GENERATE_INFOPLIST_FILE = YES;
				PRODUCT_BUNDLE_IDENTIFIER = com.haena.HAENATests;
				PRODUCT_NAME = HAENATests;
				TEST_HOST = "$(BUILT_PRODUCTS_DIR)/HAENA.app/Contents/MacOS/HAENA";
			};
			name = Debug;
		};
		A6758B0BA65D81C5E1FA2123 /* Release */ = {
			isa = XCBuildConfiguration;
			buildSettings = {
				ASSETCATALOG_COMPILER_APPICON_NAME = AppIcon;
				ASSETCATALOG_COMPILER_GLOBAL_ACCENT_COLOR_NAME = AccentColor;
				CODE_SIGN_ENTITLEMENTS = HAENA/HAENA.entitlements;
				ENABLE_HARDENED_RUNTIME = NO;
				INFOPLIST_FILE = HAENA/Info.plist;
				PRODUCT_BUNDLE_IDENTIFIER = com.haena.HAENA;
				PRODUCT_NAME = HAENA;
			};
			name = Release;
		};
		A8CA8C7CF7902E33E2DB5443 /* Debug */ = {
			isa = XCBuildConfiguration;
			buildSettings = {
				GENERATE_INFOPLIST_FILE = YES;
				PRODUCT_BUNDLE_IDENTIFIER = com.haena.HAENAUITests;
				PRODUCT_NAME = HAENAUITests;
				TEST_TARGET_NAME = HAENA;
			};
			name = Debug;
		};
		B2C41219956E011E9F8A8FCF /* Debug */ = {
			isa = XCBuildConfiguration;
			buildSettings = {
				ALWAYS_SEARCH_USER_PATHS = NO;
				CODE_SIGNING_ALLOWED = YES;
				CODE_SIGNING_REQUIRED = YES;
				CODE_SIGN_IDENTITY = "-";
				CODE_SIGN_STYLE = Manual;
				CURRENT_PROJECT_VERSION = 1;
				DEBUG_INFORMATION_FORMAT = dwarf;
				DEVELOPMENT_TEAM = "";
				ENABLE_TESTABILITY = YES;
				MACOSX_DEPLOYMENT_TARGET = 14.0;
				MARKETING_VERSION = 0.1.0;
				ONLY_ACTIVE_ARCH = YES;
				SDKROOT = macosx;
				SWIFT_ACTIVE_COMPILATION_CONDITIONS = DEBUG;
				SWIFT_OPTIMIZATION_LEVEL = "-Onone";
				SWIFT_VERSION = 6.0;
			};
			name = Debug;
		};
		BF097FE34A5E4B7089BEBB6C /* Release */ = {
			isa = XCBuildConfiguration;
			buildSettings = {
				ALWAYS_SEARCH_USER_PATHS = NO;
				CODE_SIGNING_ALLOWED = YES;
				CODE_SIGNING_REQUIRED = YES;
				CODE_SIGN_IDENTITY = "-";
				CODE_SIGN_STYLE = Manual;
				CURRENT_PROJECT_VERSION = 1;
				DEBUG_INFORMATION_FORMAT = "dwarf-with-dsym";
				DEVELOPMENT_TEAM = "";
				ENABLE_TESTABILITY = NO;
				MACOSX_DEPLOYMENT_TARGET = 14.0;
				MARKETING_VERSION = 0.1.0;
				ONLY_ACTIVE_ARCH = NO;
				SDKROOT = macosx;
				SWIFT_COMPILATION_MODE = wholemodule;
				SWIFT_OPTIMIZATION_LEVEL = "-O";
				SWIFT_VERSION = 6.0;
			};
			name = Release;
		};
		E151D6D1684D837F69976C03 /* Release */ = {
			isa = XCBuildConfiguration;
			buildSettings = {
				BUNDLE_LOADER = "$(TEST_HOST)";
				GENERATE_INFOPLIST_FILE = YES;
				PRODUCT_BUNDLE_IDENTIFIER = com.haena.HAENATests;
				PRODUCT_NAME = HAENATests;
				TEST_HOST = "$(BUILT_PRODUCTS_DIR)/HAENA.app/Contents/MacOS/HAENA";
			};
			name = Release;
		};
		E182C2E40EBCAF8C618A11E6 /* Debug */ = {
			isa = XCBuildConfiguration;
			buildSettings = {
				ASSETCATALOG_COMPILER_APPICON_NAME = AppIcon;
				ASSETCATALOG_COMPILER_GLOBAL_ACCENT_COLOR_NAME = AccentColor;
				CODE_SIGN_ENTITLEMENTS = HAENA/HAENA.entitlements;
				ENABLE_HARDENED_RUNTIME = NO;
				INFOPLIST_FILE = HAENA/Info.plist;
				PRODUCT_BUNDLE_IDENTIFIER = com.haena.HAENA;
				PRODUCT_NAME = HAENA;
			};
			name = Debug;
		};
/* End XCBuildConfiguration section */

/* Begin XCConfigurationList section */
		728C76D624ADB9B7390BF220 /* Build configuration list for PBXNativeTarget "HAENATests" */ = {
			isa = XCConfigurationList;
			buildConfigurations = (
				9EACAC00135BE18CEAAF3E20 /* Debug */,
				E151D6D1684D837F69976C03 /* Release */,
			);
			defaultConfigurationIsVisible = 0;
			defaultConfigurationName = Debug;
		};
		9264586B47E3668394D455B6 /* Build configuration list for PBXProject "HAENA" */ = {
			isa = XCConfigurationList;
			buildConfigurations = (
				B2C41219956E011E9F8A8FCF /* Debug */,
				BF097FE34A5E4B7089BEBB6C /* Release */,
			);
			defaultConfigurationIsVisible = 0;
			defaultConfigurationName = Debug;
		};
		CBA788D932D79A980482C80B /* Build configuration list for PBXNativeTarget "HAENAUITests" */ = {
			isa = XCConfigurationList;
			buildConfigurations = (
				A8CA8C7CF7902E33E2DB5443 /* Debug */,
				4427A7E7E915B51D8DF01BAB /* Release */,
			);
			defaultConfigurationIsVisible = 0;
			defaultConfigurationName = Debug;
		};
		F891D0836066741D285869C5 /* Build configuration list for PBXNativeTarget "HAENA" */ = {
			isa = XCConfigurationList;
			buildConfigurations = (
				E182C2E40EBCAF8C618A11E6 /* Debug */,
				A6758B0BA65D81C5E1FA2123 /* Release */,
			);
			defaultConfigurationIsVisible = 0;
			defaultConfigurationName = Debug;
		};
/* End XCConfigurationList section */
	};
	rootObject = A205A76F003310DCC2D83829 /* Project object */;
}
